// !$*UTF8*$!
{
	archiveVersion = 1;
	classes = {
	};
	objectVersion = 46;
	objects = {

/* Begin PBXBuildFile section */
		389282661F47193800CAADD0 /* AFHTTPSessionManager.m in Sources */ = {isa = PBXBuildFile; fileRef = 389281D41F47193800CAADD0 /* AFHTTPSessionManager.m */; };
		389282671F47193800CAADD0 /* AFNetworkReachabilityManager.m in Sources */ = {isa = PBXBuildFile; fileRef = 389281D71F47193800CAADD0 /* AFNetworkReachabilityManager.m */; };
		389282681F47193800CAADD0 /* AFSecurityPolicy.m in Sources */ = {isa = PBXBuildFile; fileRef = 389281D91F47193800CAADD0 /* AFSecurityPolicy.m */; };
		389282691F47193800CAADD0 /* AFURLRequestSerialization.m in Sources */ = {isa = PBXBuildFile; fileRef = 389281DB1F47193800CAADD0 /* AFURLRequestSerialization.m */; };
		3892826A1F47193800CAADD0 /* AFURLResponseSerialization.m in Sources */ = {isa = PBXBuildFile; fileRef = 389281DD1F47193800CAADD0 /* AFURLResponseSerialization.m */; };
		3892826B1F47193800CAADD0 /* AFURLSessionManager.m in Sources */ = {isa = PBXBuildFile; fileRef = 389281DF1F47193800CAADD0 /* AFURLSessionManager.m */; };
		3892826C1F47193800CAADD0 /* Info.plist in Resources */ = {isa = PBXBuildFile; fileRef = 389281E11F47193800CAADD0 /* Info.plist */; };
		3892826D1F47193800CAADD0 /* MASCompositeConstraint.m in Sources */ = {isa = PBXBuildFile; fileRef = 389281E31F47193800CAADD0 /* MASCompositeConstraint.m */; };
		3892826E1F47193800CAADD0 /* MASConstraint.m in Sources */ = {isa = PBXBuildFile; fileRef = 389281E61F47193800CAADD0 /* MASConstraint.m */; };
		3892826F1F47193800CAADD0 /* MASConstraintMaker.m in Sources */ = {isa = PBXBuildFile; fileRef = 389281E81F47193800CAADD0 /* MASConstraintMaker.m */; };
		389282701F47193800CAADD0 /* MASLayoutConstraint.m in Sources */ = {isa = PBXBuildFile; fileRef = 389281EA1F47193800CAADD0 /* MASLayoutConstraint.m */; };
		389282711F47193800CAADD0 /* MASViewAttribute.m in Sources */ = {isa = PBXBuildFile; fileRef = 389281EE1F47193800CAADD0 /* MASViewAttribute.m */; };
		389282721F47193800CAADD0 /* MASViewConstraint.m in Sources */ = {isa = PBXBuildFile; fileRef = 389281F01F47193800CAADD0 /* MASViewConstraint.m */; };
		389282731F47193800CAADD0 /* NSArray+MASAdditions.m in Sources */ = {isa = PBXBuildFile; fileRef = 389281F21F47193800CAADD0 /* NSArray+MASAdditions.m */; };
		389282741F47193800CAADD0 /* NSLayoutConstraint+MASDebugAdditions.m in Sources */ = {isa = PBXBuildFile; fileRef = 389281F51F47193800CAADD0 /* NSLayoutConstraint+MASDebugAdditions.m */; };
		389282751F47193800CAADD0 /* View+MASAdditions.m in Sources */ = {isa = PBXBuildFile; fileRef = 389281F71F47193800CAADD0 /* View+MASAdditions.m */; };
		389282761F47193800CAADD0 /* ViewController+MASAdditions.m in Sources */ = {isa = PBXBuildFile; fileRef = 389281FA1F47193800CAADD0 /* ViewController+MASAdditions.m */; };
		389282771F47193800CAADD0 /* MBProgressHUD.m in Sources */ = {isa = PBXBuildFile; fileRef = 389281FD1F47193800CAADD0 /* MBProgressHUD.m */; };
		389282781F47193800CAADD0 /* Info.plist in Resources */ = {isa = PBXBuildFile; fileRef = 389281FF1F47193800CAADD0 /* Info.plist */; };
		389282791F47193800CAADD0 /* MJExtensionConst.m in Sources */ = {isa = PBXBuildFile; fileRef = 389282021F47193800CAADD0 /* MJExtensionConst.m */; };
		3892827A1F47193800CAADD0 /* MJFoundation.m in Sources */ = {isa = PBXBuildFile; fileRef = 389282041F47193800CAADD0 /* MJFoundation.m */; };
		3892827B1F47193800CAADD0 /* MJProperty.m in Sources */ = {isa = PBXBuildFile; fileRef = 389282061F47193800CAADD0 /* MJProperty.m */; };
		3892827C1F47193800CAADD0 /* MJPropertyKey.m in Sources */ = {isa = PBXBuildFile; fileRef = 389282081F47193800CAADD0 /* MJPropertyKey.m */; };
		3892827D1F47193800CAADD0 /* MJPropertyType.m in Sources */ = {isa = PBXBuildFile; fileRef = 3892820A1F47193800CAADD0 /* MJPropertyType.m */; };
		3892827E1F47193800CAADD0 /* NSObject+MJClass.m in Sources */ = {isa = PBXBuildFile; fileRef = 3892820C1F47193800CAADD0 /* NSObject+MJClass.m */; };
		3892827F1F47193800CAADD0 /* NSObject+MJCoding.m in Sources */ = {isa = PBXBuildFile; fileRef = 3892820E1F47193800CAADD0 /* NSObject+MJCoding.m */; };
		389282801F47193800CAADD0 /* NSObject+MJKeyValue.m in Sources */ = {isa = PBXBuildFile; fileRef = 389282101F47193800CAADD0 /* NSObject+MJKeyValue.m */; };
		389282811F47193800CAADD0 /* NSObject+MJProperty.m in Sources */ = {isa = PBXBuildFile; fileRef = 389282121F47193800CAADD0 /* NSObject+MJProperty.m */; };
		389282821F47193800CAADD0 /* NSString+MJExtension.m in Sources */ = {isa = PBXBuildFile; fileRef = 389282141F47193800CAADD0 /* NSString+MJExtension.m */; };
		389282831F47193800CAADD0 /* MJRefreshAutoFooter.m in Sources */ = {isa = PBXBuildFile; fileRef = 389282181F47193800CAADD0 /* MJRefreshAutoFooter.m */; };
		389282841F47193800CAADD0 /* MJRefreshBackFooter.m in Sources */ = {isa = PBXBuildFile; fileRef = 3892821A1F47193800CAADD0 /* MJRefreshBackFooter.m */; };
		389282851F47193800CAADD0 /* MJRefreshComponent.m in Sources */ = {isa = PBXBuildFile; fileRef = 3892821C1F47193800CAADD0 /* MJRefreshComponent.m */; };
		389282861F47193800CAADD0 /* MJRefreshFooter.m in Sources */ = {isa = PBXBuildFile; fileRef = 3892821E1F47193800CAADD0 /* MJRefreshFooter.m */; };
		389282871F47193800CAADD0 /* MJRefreshHeader.m in Sources */ = {isa = PBXBuildFile; fileRef = 389282201F47193800CAADD0 /* MJRefreshHeader.m */; };
		389282881F47193800CAADD0 /* MJRefreshAutoGifFooter.m in Sources */ = {isa = PBXBuildFile; fileRef = 389282251F47193800CAADD0 /* MJRefreshAutoGifFooter.m */; };
		389282891F47193800CAADD0 /* MJRefreshAutoNormalFooter.m in Sources */ = {isa = PBXBuildFile; fileRef = 389282271F47193800CAADD0 /* MJRefreshAutoNormalFooter.m */; };
		3892828A1F47193800CAADD0 /* MJRefreshAutoStateFooter.m in Sources */ = {isa = PBXBuildFile; fileRef = 389282291F47193800CAADD0 /* MJRefreshAutoStateFooter.m */; };
		3892828B1F47193800CAADD0 /* MJRefreshBackGifFooter.m in Sources */ = {isa = PBXBuildFile; fileRef = 3892822C1F47193800CAADD0 /* MJRefreshBackGifFooter.m */; };
		3892828C1F47193800CAADD0 /* MJRefreshBackNormalFooter.m in Sources */ = {isa = PBXBuildFile; fileRef = 3892822E1F47193800CAADD0 /* MJRefreshBackNormalFooter.m */; };
		3892828D1F47193800CAADD0 /* MJRefreshBackStateFooter.m in Sources */ = {isa = PBXBuildFile; fileRef = 389282301F47193800CAADD0 /* MJRefreshBackStateFooter.m */; };
		3892828E1F47193800CAADD0 /* MJRefreshGifHeader.m in Sources */ = {isa = PBXBuildFile; fileRef = 389282331F47193800CAADD0 /* MJRefreshGifHeader.m */; };
		3892828F1F47193800CAADD0 /* MJRefreshNormalHeader.m in Sources */ = {isa = PBXBuildFile; fileRef = 389282351F47193800CAADD0 /* MJRefreshNormalHeader.m */; };
		389282901F47193800CAADD0 /* MJRefreshStateHeader.m in Sources */ = {isa = PBXBuildFile; fileRef = 389282371F47193800CAADD0 /* MJRefreshStateHeader.m */; };
		389282911F47193800CAADD0 /* MJRefresh.bundle in Resources */ = {isa = PBXBuildFile; fileRef = 389282381F47193800CAADD0 /* MJRefresh.bundle */; };
		389282921F47193800CAADD0 /* MJRefreshConst.m in Sources */ = {isa = PBXBuildFile; fileRef = 3892823B1F47193800CAADD0 /* MJRefreshConst.m */; };
		389282931F47193800CAADD0 /* NSBundle+MJRefresh.m in Sources */ = {isa = PBXBuildFile; fileRef = 3892823D1F47193800CAADD0 /* NSBundle+MJRefresh.m */; };
		389282941F47193800CAADD0 /* UIScrollView+MJExtension.m in Sources */ = {isa = PBXBuildFile; fileRef = 3892823F1F47193800CAADD0 /* UIScrollView+MJExtension.m */; };
		389282951F47193800CAADD0 /* UIScrollView+MJRefresh.m in Sources */ = {isa = PBXBuildFile; fileRef = 389282411F47193800CAADD0 /* UIScrollView+MJRefresh.m */; };
		389282961F47193800CAADD0 /* UIView+MJExtension.m in Sources */ = {isa = PBXBuildFile; fileRef = 389282431F47193800CAADD0 /* UIView+MJExtension.m */; };
		389282971F47193800CAADD0 /* MKAnnotationView+WebCache.m in Sources */ = {isa = PBXBuildFile; fileRef = 389282461F47193800CAADD0 /* MKAnnotationView+WebCache.m */; };
		389282981F47193800CAADD0 /* NSData+ImageContentType.m in Sources */ = {isa = PBXBuildFile; fileRef = 389282481F47193800CAADD0 /* NSData+ImageContentType.m */; };
		389282991F47193800CAADD0 /* SDImageCache.m in Sources */ = {isa = PBXBuildFile; fileRef = 3892824A1F47193800CAADD0 /* SDImageCache.m */; };
		3892829A1F47193800CAADD0 /* SDWebImageCompat.m in Sources */ = {isa = PBXBuildFile; fileRef = 3892824C1F47193800CAADD0 /* SDWebImageCompat.m */; };
		3892829B1F47193800CAADD0 /* SDWebImageDecoder.m in Sources */ = {isa = PBXBuildFile; fileRef = 3892824E1F47193800CAADD0 /* SDWebImageDecoder.m */; };
		3892829C1F47193800CAADD0 /* SDWebImageDownloader.m in Sources */ = {isa = PBXBuildFile; fileRef = 389282501F47193800CAADD0 /* SDWebImageDownloader.m */; };
		3892829D1F47193800CAADD0 /* SDWebImageDownloaderOperation.m in Sources */ = {isa = PBXBuildFile; fileRef = 389282521F47193800CAADD0 /* SDWebImageDownloaderOperation.m */; };
		3892829E1F47193800CAADD0 /* SDWebImageManager.m in Sources */ = {isa = PBXBuildFile; fileRef = 389282541F47193800CAADD0 /* SDWebImageManager.m */; };
		3892829F1F47193800CAADD0 /* SDWebImagePrefetcher.m in Sources */ = {isa = PBXBuildFile; fileRef = 389282571F47193800CAADD0 /* SDWebImagePrefetcher.m */; };
		389282A01F47193800CAADD0 /* UIButton+WebCache.m in Sources */ = {isa = PBXBuildFile; fileRef = 389282591F47193800CAADD0 /* UIButton+WebCache.m */; };
		389282A11F47193800CAADD0 /* UIImage+GIF.m in Sources */ = {isa = PBXBuildFile; fileRef = 3892825B1F47193800CAADD0 /* UIImage+GIF.m */; };
		389282A21F47193800CAADD0 /* UIImage+MultiFormat.m in Sources */ = {isa = PBXBuildFile; fileRef = 3892825D1F47193800CAADD0 /* UIImage+MultiFormat.m */; };
		389282A31F47193800CAADD0 /* UIImage+WebP.m in Sources */ = {isa = PBXBuildFile; fileRef = 3892825F1F47193800CAADD0 /* UIImage+WebP.m */; };
		389282A41F47193800CAADD0 /* UIImageView+HighlightedWebCache.m in Sources */ = {isa = PBXBuildFile; fileRef = 389282611F47193800CAADD0 /* UIImageView+HighlightedWebCache.m */; };
		389282A51F47193800CAADD0 /* UIImageView+WebCache.m in Sources */ = {isa = PBXBuildFile; fileRef = 389282631F47193800CAADD0 /* UIImageView+WebCache.m */; };
		389282A61F47193800CAADD0 /* UIView+WebCacheOperation.m in Sources */ = {isa = PBXBuildFile; fileRef = 389282651F47193800CAADD0 /* UIView+WebCacheOperation.m */; };
		389282B21F4719E600CAADD0 /* Foundation+Log.m in Sources */ = {isa = PBXBuildFile; fileRef = 389282A71F4719E600CAADD0 /* Foundation+Log.m */; };
		389282B31F4719E600CAADD0 /* NSDate+Category.m in Sources */ = {isa = PBXBuildFile; fileRef = 389282A91F4719E600CAADD0 /* NSDate+Category.m */; };
		389282B41F4719E600CAADD0 /* NSDateFormatter+Category.m in Sources */ = {isa = PBXBuildFile; fileRef = 389282AB1F4719E600CAADD0 /* NSDateFormatter+Category.m */; };
		389282B51F4719E600CAADD0 /* UIBarButtonItem+ZJExtension.m in Sources */ = {isa = PBXBuildFile; fileRef = 389282AD1F4719E600CAADD0 /* UIBarButtonItem+ZJExtension.m */; };
		389282B61F4719E600CAADD0 /* UIImage+ZJExtension.m in Sources */ = {isa = PBXBuildFile; fileRef = 389282AF1F4719E600CAADD0 /* UIImage+ZJExtension.m */; };
		389282B71F4719E600CAADD0 /* UIView+ZJExtension.m in Sources */ = {isa = PBXBuildFile; fileRef = 389282B11F4719E600CAADD0 /* UIView+ZJExtension.m */; };
		389282BA1F471AC900CAADD0 /* ZJAFNetworking.m in Sources */ = {isa = PBXBuildFile; fileRef = 389282B91F471AC900CAADD0 /* ZJAFNetworking.m */; };
		389282BD1F47208900CAADD0 /* JRNavigationController.m in Sources */ = {isa = PBXBuildFile; fileRef = 389282BC1F47208900CAADD0 /* JRNavigationController.m */; };
		389282C01F4722DC00CAADD0 /* NSObject+ZJUIExtension.m in Sources */ = {isa = PBXBuildFile; fileRef = 389282BF1F4722DC00CAADD0 /* NSObject+ZJUIExtension.m */; };
		38AC38521F2C7B8700D47E35 /* JRTests.m in Sources */ = {isa = PBXBuildFile; fileRef = 38AC38511F2C7B8700D47E35 /* JRTests.m */; };
		38AC385D1F2C7B8700D47E35 /* JRUITests.m in Sources */ = {isa = PBXBuildFile; fileRef = 38AC385C1F2C7B8700D47E35 /* JRUITests.m */; };
		38AC38851F2C82B900D47E35 /* AppDelegate.m in Sources */ = {isa = PBXBuildFile; fileRef = 38AC386F1F2C82B900D47E35 /* AppDelegate.m */; };
		38AC38871F2C82B900D47E35 /* main.m in Sources */ = {isa = PBXBuildFile; fileRef = 38AC38711F2C82B900D47E35 /* main.m */; };
		38AC38881F2C82B900D47E35 /* Assets.xcassets in Resources */ = {isa = PBXBuildFile; fileRef = 38AC38841F2C82B900D47E35 /* Assets.xcassets */; };
/* End PBXBuildFile section */

/* Begin PBXContainerItemProxy section */
		38AC384E1F2C7B8700D47E35 /* PBXContainerItemProxy */ = {
			isa = PBXContainerItemProxy;
			containerPortal = 38AC382C1F2C7B8700D47E35 /* Project object */;
			proxyType = 1;
			remoteGlobalIDString = 38AC38331F2C7B8700D47E35;
			remoteInfo = JR;
		};
		38AC38591F2C7B8700D47E35 /* PBXContainerItemProxy */ = {
			isa = PBXContainerItemProxy;
			containerPortal = 38AC382C1F2C7B8700D47E35 /* Project object */;
			proxyType = 1;
			remoteGlobalIDString = 38AC38331F2C7B8700D47E35;
			remoteInfo = JR;
		};
/* End PBXContainerItemProxy section */

/* Begin PBXFileReference section */
		389281CE1F47167300CAADD0 /* JRConst.h */ = {isa = PBXFileReference; lastKnownFileType = sourcecode.c.h; path = JRConst.h; sourceTree = "<group>"; };
		389281CF1F4716BC00CAADD0 /* JRHttpAddress.h */ = {isa = PBXFileReference; lastKnownFileType = sourcecode.c.h; path = JRHttpAddress.h; sourceTree = "<group>"; };
		389281D01F4716D600CAADD0 /* JRHeaderFile.h */ = {isa = PBXFileReference; lastKnownFileType = sourcecode.c.h; path = JRHeaderFile.h; sourceTree = "<group>"; };
		389281D11F4716FA00CAADD0 /* JRTool.h */ = {isa = PBXFileReference; lastKnownFileType = sourcecode.c.h; path = JRTool.h; sourceTree = "<group>"; };
		389281D31F47193800CAADD0 /* AFHTTPSessionManager.h */ = {isa = PBXFileReference; fileEncoding = 4; lastKnownFileType = sourcecode.c.h; path = AFHTTPSessionManager.h; sourceTree = "<group>"; };
		389281D41F47193800CAADD0 /* AFHTTPSessionManager.m */ = {isa = PBXFileReference; fileEncoding = 4; lastKnownFileType = sourcecode.c.objc; path = AFHTTPSessionManager.m; sourceTree = "<group>"; };
		389281D51F47193800CAADD0 /* AFNetworking.h */ = {isa = PBXFileReference; fileEncoding = 4; lastKnownFileType = sourcecode.c.h; path = AFNetworking.h; sourceTree = "<group>"; };
		389281D61F47193800CAADD0 /* AFNetworkReachabilityManager.h */ = {isa = PBXFileReference; fileEncoding = 4; lastKnownFileType = sourcecode.c.h; path = AFNetworkReachabilityManager.h; sourceTree = "<group>"; };
		389281D71F47193800CAADD0 /* AFNetworkReachabilityManager.m */ = {isa = PBXFileReference; fileEncoding = 4; lastKnownFileType = sourcecode.c.objc; path = AFNetworkReachabilityManager.m; sourceTree = "<group>"; };
		389281D81F47193800CAADD0 /* AFSecurityPolicy.h */ = {isa = PBXFileReference; fileEncoding = 4; lastKnownFileType = sourcecode.c.h; path = AFSecurityPolicy.h; sourceTree = "<group>"; };
		389281D91F47193800CAADD0 /* AFSecurityPolicy.m */ = {isa = PBXFileReference; fileEncoding = 4; lastKnownFileType = sourcecode.c.objc; path = AFSecurityPolicy.m; sourceTree = "<group>"; };
		389281DA1F47193800CAADD0 /* AFURLRequestSerialization.h */ = {isa = PBXFileReference; fileEncoding = 4; lastKnownFileType = sourcecode.c.h; path = AFURLRequestSerialization.h; sourceTree = "<group>"; };
		389281DB1F47193800CAADD0 /* AFURLRequestSerialization.m */ = {isa = PBXFileReference; fileEncoding = 4; lastKnownFileType = sourcecode.c.objc; path = AFURLRequestSerialization.m; sourceTree = "<group>"; };
		389281DC1F47193800CAADD0 /* AFURLResponseSerialization.h */ = {isa = PBXFileReference; fileEncoding = 4; lastKnownFileType = sourcecode.c.h; path = AFURLResponseSerialization.h; sourceTree = "<group>"; };
		389281DD1F47193800CAADD0 /* AFURLResponseSerialization.m */ = {isa = PBXFileReference; fileEncoding = 4; lastKnownFileType = sourcecode.c.objc; path = AFURLResponseSerialization.m; sourceTree = "<group>"; };
		389281DE1F47193800CAADD0 /* AFURLSessionManager.h */ = {isa = PBXFileReference; fileEncoding = 4; lastKnownFileType = sourcecode.c.h; path = AFURLSessionManager.h; sourceTree = "<group>"; };
		389281DF1F47193800CAADD0 /* AFURLSessionManager.m */ = {isa = PBXFileReference; fileEncoding = 4; lastKnownFileType = sourcecode.c.objc; path = AFURLSessionManager.m; sourceTree = "<group>"; };
		389281E11F47193800CAADD0 /* Info.plist */ = {isa = PBXFileReference; fileEncoding = 4; lastKnownFileType = text.plist.xml; path = Info.plist; sourceTree = "<group>"; };
		389281E21F47193800CAADD0 /* MASCompositeConstraint.h */ = {isa = PBXFileReference; fileEncoding = 4; lastKnownFileType = sourcecode.c.h; path = MASCompositeConstraint.h; sourceTree = "<group>"; };
		389281E31F47193800CAADD0 /* MASCompositeConstraint.m */ = {isa = PBXFileReference; fileEncoding = 4; lastKnownFileType = sourcecode.c.objc; path = MASCompositeConstraint.m; sourceTree = "<group>"; };
		389281E41F47193800CAADD0 /* MASConstraint+Private.h */ = {isa = PBXFileReference; fileEncoding = 4; lastKnownFileType = sourcecode.c.h; path = "MASConstraint+Private.h"; sourceTree = "<group>"; };
		389281E51F47193800CAADD0 /* MASConstraint.h */ = {isa = PBXFileReference; fileEncoding = 4; lastKnownFileType = sourcecode.c.h; path = MASConstraint.h; sourceTree = "<group>"; };
		389281E61F47193800CAADD0 /* MASConstraint.m */ = {isa = PBXFileReference; fileEncoding = 4; lastKnownFileType = sourcecode.c.objc; path = MASConstraint.m; sourceTree = "<group>"; };
		389281E71F47193800CAADD0 /* MASConstraintMaker.h */ = {isa = PBXFileReference; fileEncoding = 4; lastKnownFileType = sourcecode.c.h; path = MASConstraintMaker.h; sourceTree = "<group>"; };
		389281E81F47193800CAADD0 /* MASConstraintMaker.m */ = {isa = PBXFileReference; fileEncoding = 4; lastKnownFileType = sourcecode.c.objc; path = MASConstraintMaker.m; sourceTree = "<group>"; };
		389281E91F47193800CAADD0 /* MASLayoutConstraint.h */ = {isa = PBXFileReference; fileEncoding = 4; lastKnownFileType = sourcecode.c.h; path = MASLayoutConstraint.h; sourceTree = "<group>"; };
		389281EA1F47193800CAADD0 /* MASLayoutConstraint.m */ = {isa = PBXFileReference; fileEncoding = 4; lastKnownFileType = sourcecode.c.objc; path = MASLayoutConstraint.m; sourceTree = "<group>"; };
		389281EB1F47193800CAADD0 /* Masonry.h */ = {isa = PBXFileReference; fileEncoding = 4; lastKnownFileType = sourcecode.c.h; path = Masonry.h; sourceTree = "<group>"; };
		389281EC1F47193800CAADD0 /* MASUtilities.h */ = {isa = PBXFileReference; fileEncoding = 4; lastKnownFileType = sourcecode.c.h; path = MASUtilities.h; sourceTree = "<group>"; };
		389281ED1F47193800CAADD0 /* MASViewAttribute.h */ = {isa = PBXFileReference; fileEncoding = 4; lastKnownFileType = sourcecode.c.h; path = MASViewAttribute.h; sourceTree = "<group>"; };
		389281EE1F47193800CAADD0 /* MASViewAttribute.m */ = {isa = PBXFileReference; fileEncoding = 4; lastKnownFileType = sourcecode.c.objc; path = MASViewAttribute.m; sourceTree = "<group>"; };
		389281EF1F47193800CAADD0 /* MASViewConstraint.h */ = {isa = PBXFileReference; fileEncoding = 4; lastKnownFileType = sourcecode.c.h; path = MASViewConstraint.h; sourceTree = "<group>"; };
		389281F01F47193800CAADD0 /* MASViewConstraint.m */ = {isa = PBXFileReference; fileEncoding = 4; lastKnownFileType = sourcecode.c.objc; path = MASViewConstraint.m; sourceTree = "<group>"; };
		389281F11F47193800CAADD0 /* NSArray+MASAdditions.h */ = {isa = PBXFileReference; fileEncoding = 4; lastKnownFileType = sourcecode.c.h; path = "NSArray+MASAdditions.h"; sourceTree = "<group>"; };
		389281F21F47193800CAADD0 /* NSArray+MASAdditions.m */ = {isa = PBXFileReference; fileEncoding = 4; lastKnownFileType = sourcecode.c.objc; path = "NSArray+MASAdditions.m"; sourceTree = "<group>"; };
		389281F31F47193800CAADD0 /* NSArray+MASShorthandAdditions.h */ = {isa = PBXFileReference; fileEncoding = 4; lastKnownFileType = sourcecode.c.h; path = "NSArray+MASShorthandAdditions.h"; sourceTree = "<group>"; };
		389281F41F47193800CAADD0 /* NSLayoutConstraint+MASDebugAdditions.h */ = {isa = PBXFileReference; fileEncoding = 4; lastKnownFileType = sourcecode.c.h; path = "NSLayoutConstraint+MASDebugAdditions.h"; sourceTree = "<group>"; };
		389281F51F47193800CAADD0 /* NSLayoutConstraint+MASDebugAdditions.m */ = {isa = PBXFileReference; fileEncoding = 4; lastKnownFileType = sourcecode.c.objc; path = "NSLayoutConstraint+MASDebugAdditions.m"; sourceTree = "<group>"; };
		389281F61F47193800CAADD0 /* View+MASAdditions.h */ = {isa = PBXFileReference; fileEncoding = 4; lastKnownFileType = sourcecode.c.h; path = "View+MASAdditions.h"; sourceTree = "<group>"; };
		389281F71F47193800CAADD0 /* View+MASAdditions.m */ = {isa = PBXFileReference; fileEncoding = 4; lastKnownFileType = sourcecode.c.objc; path = "View+MASAdditions.m"; sourceTree = "<group>"; };
		389281F81F47193800CAADD0 /* View+MASShorthandAdditions.h */ = {isa = PBXFileReference; fileEncoding = 4; lastKnownFileType = sourcecode.c.h; path = "View+MASShorthandAdditions.h"; sourceTree = "<group>"; };
		389281F91F47193800CAADD0 /* ViewController+MASAdditions.h */ = {isa = PBXFileReference; fileEncoding = 4; lastKnownFileType = sourcecode.c.h; path = "ViewController+MASAdditions.h"; sourceTree = "<group>"; };
		389281FA1F47193800CAADD0 /* ViewController+MASAdditions.m */ = {isa = PBXFileReference; fileEncoding = 4; lastKnownFileType = sourcecode.c.objc; path = "ViewController+MASAdditions.m"; sourceTree = "<group>"; };
		389281FC1F47193800CAADD0 /* MBProgressHUD.h */ = {isa = PBXFileReference; fileEncoding = 4; lastKnownFileType = sourcecode.c.h; path = MBProgressHUD.h; sourceTree = "<group>"; };
		389281FD1F47193800CAADD0 /* MBProgressHUD.m */ = {isa = PBXFileReference; fileEncoding = 4; lastKnownFileType = sourcecode.c.objc; path = MBProgressHUD.m; sourceTree = "<group>"; };
		389281FF1F47193800CAADD0 /* Info.plist */ = {isa = PBXFileReference; fileEncoding = 4; lastKnownFileType = text.plist.xml; path = Info.plist; sourceTree = "<group>"; };
		389282001F47193800CAADD0 /* MJExtension.h */ = {isa = PBXFileReference; fileEncoding = 4; lastKnownFileType = sourcecode.c.h; path = MJExtension.h; sourceTree = "<group>"; };
		389282011F47193800CAADD0 /* MJExtensionConst.h */ = {isa = PBXFileReference; fileEncoding = 4; lastKnownFileType = sourcecode.c.h; path = MJExtensionConst.h; sourceTree = "<group>"; };
		389282021F47193800CAADD0 /* MJExtensionConst.m */ = {isa = PBXFileReference; fileEncoding = 4; lastKnownFileType = sourcecode.c.objc; path = MJExtensionConst.m; sourceTree = "<group>"; };
		389282031F47193800CAADD0 /* MJFoundation.h */ = {isa = PBXFileReference; fileEncoding = 4; lastKnownFileType = sourcecode.c.h; path = MJFoundation.h; sourceTree = "<group>"; };
		389282041F47193800CAADD0 /* MJFoundation.m */ = {isa = PBXFileReference; fileEncoding = 4; lastKnownFileType = sourcecode.c.objc; path = MJFoundation.m; sourceTree = "<group>"; };
		389282051F47193800CAADD0 /* MJProperty.h */ = {isa = PBXFileReference; fileEncoding = 4; lastKnownFileType = sourcecode.c.h; path = MJProperty.h; sourceTree = "<group>"; };
		389282061F47193800CAADD0 /* MJProperty.m */ = {isa = PBXFileReference; fileEncoding = 4; lastKnownFileType = sourcecode.c.objc; path = MJProperty.m; sourceTree = "<group>"; };
		389282071F47193800CAADD0 /* MJPropertyKey.h */ = {isa = PBXFileReference; fileEncoding = 4; lastKnownFileType = sourcecode.c.h; path = MJPropertyKey.h; sourceTree = "<group>"; };
		389282081F47193800CAADD0 /* MJPropertyKey.m */ = {isa = PBXFileReference; fileEncoding = 4; lastKnownFileType = sourcecode.c.objc; path = MJPropertyKey.m; sourceTree = "<group>"; };
		389282091F47193800CAADD0 /* MJPropertyType.h */ = {isa = PBXFileReference; fileEncoding = 4; lastKnownFileType = sourcecode.c.h; path = MJPropertyType.h; sourceTree = "<group>"; };
		3892820A1F47193800CAADD0 /* MJPropertyType.m */ = {isa = PBXFileReference; fileEncoding = 4; lastKnownFileType = sourcecode.c.objc; path = MJPropertyType.m; sourceTree = "<group>"; };
		3892820B1F47193800CAADD0 /* NSObject+MJClass.h */ = {isa = PBXFileReference; fileEncoding = 4; lastKnownFileType = sourcecode.c.h; path = "NSObject+MJClass.h"; sourceTree = "<group>"; };
		3892820C1F47193800CAADD0 /* NSObject+MJClass.m */ = {isa = PBXFileReference; fileEncoding = 4; lastKnownFileType = sourcecode.c.objc; path = "NSObject+MJClass.m"; sourceTree = "<group>"; };
		3892820D1F47193800CAADD0 /* NSObject+MJCoding.h */ = {isa = PBXFileReference; fileEncoding = 4; lastKnownFileType = sourcecode.c.h; path = "NSObject+MJCoding.h"; sourceTree = "<group>"; };
		3892820E1F47193800CAADD0 /* NSObject+MJCoding.m */ = {isa = PBXFileReference; fileEncoding = 4; lastKnownFileType = sourcecode.c.objc; path = "NSObject+MJCoding.m"; sourceTree = "<group>"; };
		3892820F1F47193800CAADD0 /* NSObject+MJKeyValue.h */ = {isa = PBXFileReference; fileEncoding = 4; lastKnownFileType = sourcecode.c.h; path = "NSObject+MJKeyValue.h"; sourceTree = "<group>"; };
		389282101F47193800CAADD0 /* NSObject+MJKeyValue.m */ = {isa = PBXFileReference; fileEncoding = 4; lastKnownFileType = sourcecode.c.objc; path = "NSObject+MJKeyValue.m"; sourceTree = "<group>"; };
		389282111F47193800CAADD0 /* NSObject+MJProperty.h */ = {isa = PBXFileReference; fileEncoding = 4; lastKnownFileType = sourcecode.c.h; path = "NSObject+MJProperty.h"; sourceTree = "<group>"; };
		389282121F47193800CAADD0 /* NSObject+MJProperty.m */ = {isa = PBXFileReference; fileEncoding = 4; lastKnownFileType = sourcecode.c.objc; path = "NSObject+MJProperty.m"; sourceTree = "<group>"; };
		389282131F47193800CAADD0 /* NSString+MJExtension.h */ = {isa = PBXFileReference; fileEncoding = 4; lastKnownFileType = sourcecode.c.h; path = "NSString+MJExtension.h"; sourceTree = "<group>"; };
		389282141F47193800CAADD0 /* NSString+MJExtension.m */ = {isa = PBXFileReference; fileEncoding = 4; lastKnownFileType = sourcecode.c.objc; path = "NSString+MJExtension.m"; sourceTree = "<group>"; };
		389282171F47193800CAADD0 /* MJRefreshAutoFooter.h */ = {isa = PBXFileReference; fileEncoding = 4; lastKnownFileType = sourcecode.c.h; path = MJRefreshAutoFooter.h; sourceTree = "<group>"; };
		389282181F47193800CAADD0 /* MJRefreshAutoFooter.m */ = {isa = PBXFileReference; fileEncoding = 4; lastKnownFileType = sourcecode.c.objc; path = MJRefreshAutoFooter.m; sourceTree = "<group>"; };
		389282191F47193800CAADD0 /* MJRefreshBackFooter.h */ = {isa = PBXFileReference; fileEncoding = 4; lastKnownFileType = sourcecode.c.h; path = MJRefreshBackFooter.h; sourceTree = "<group>"; };
		3892821A1F47193800CAADD0 /* MJRefreshBackFooter.m */ = {isa = PBXFileReference; fileEncoding = 4; lastKnownFileType = sourcecode.c.objc; path = MJRefreshBackFooter.m; sourceTree = "<group>"; };
		3892821B1F47193800CAADD0 /* MJRefreshComponent.h */ = {isa = PBXFileReference; fileEncoding = 4; lastKnownFileType = sourcecode.c.h; path = MJRefreshComponent.h; sourceTree = "<group>"; };
		3892821C1F47193800CAADD0 /* MJRefreshComponent.m */ = {isa = PBXFileReference; fileEncoding = 4; lastKnownFileType = sourcecode.c.objc; path = MJRefreshComponent.m; sourceTree = "<group>"; };
		3892821D1F47193800CAADD0 /* MJRefreshFooter.h */ = {isa = PBXFileReference; fileEncoding = 4; lastKnownFileType = sourcecode.c.h; path = MJRefreshFooter.h; sourceTree = "<group>"; };
		3892821E1F47193800CAADD0 /* MJRefreshFooter.m */ = {isa = PBXFileReference; fileEncoding = 4; lastKnownFileType = sourcecode.c.objc; path = MJRefreshFooter.m; sourceTree = "<group>"; };
		3892821F1F47193800CAADD0 /* MJRefreshHeader.h */ = {isa = PBXFileReference; fileEncoding = 4; lastKnownFileType = sourcecode.c.h; path = MJRefreshHeader.h; sourceTree = "<group>"; };
		389282201F47193800CAADD0 /* MJRefreshHeader.m */ = {isa = PBXFileReference; fileEncoding = 4; lastKnownFileType = sourcecode.c.objc; path = MJRefreshHeader.m; sourceTree = "<group>"; };
		389282241F47193800CAADD0 /* MJRefreshAutoGifFooter.h */ = {isa = PBXFileReference; fileEncoding = 4; lastKnownFileType = sourcecode.c.h; path = MJRefreshAutoGifFooter.h; sourceTree = "<group>"; };
		389282251F47193800CAADD0 /* MJRefreshAutoGifFooter.m */ = {isa = PBXFileReference; fileEncoding = 4; lastKnownFileType = sourcecode.c.objc; path = MJRefreshAutoGifFooter.m; sourceTree = "<group>"; };
		389282261F47193800CAADD0 /* MJRefreshAutoNormalFooter.h */ = {isa = PBXFileReference; fileEncoding = 4; lastKnownFileType = sourcecode.c.h; path = MJRefreshAutoNormalFooter.h; sourceTree = "<group>"; };
		389282271F47193800CAADD0 /* MJRefreshAutoNormalFooter.m */ = {isa = PBXFileReference; fileEncoding = 4; lastKnownFileType = sourcecode.c.objc; path = MJRefreshAutoNormalFooter.m; sourceTree = "<group>"; };
		389282281F47193800CAADD0 /* MJRefreshAutoStateFooter.h */ = {isa = PBXFileReference; fileEncoding = 4; lastKnownFileType = sourcecode.c.h; path = MJRefreshAutoStateFooter.h; sourceTree = "<group>"; };
		389282291F47193800CAADD0 /* MJRefreshAutoStateFooter.m */ = {isa = PBXFileReference; fileEncoding = 4; lastKnownFileType = sourcecode.c.objc; path = MJRefreshAutoStateFooter.m; sourceTree = "<group>"; };
		3892822B1F47193800CAADD0 /* MJRefreshBackGifFooter.h */ = {isa = PBXFileReference; fileEncoding = 4; lastKnownFileType = sourcecode.c.h; path = MJRefreshBackGifFooter.h; sourceTree = "<group>"; };
		3892822C1F47193800CAADD0 /* MJRefreshBackGifFooter.m */ = {isa = PBXFileReference; fileEncoding = 4; lastKnownFileType = sourcecode.c.objc; path = MJRefreshBackGifFooter.m; sourceTree = "<group>"; };
		3892822D1F47193800CAADD0 /* MJRefreshBackNormalFooter.h */ = {isa = PBXFileReference; fileEncoding = 4; lastKnownFileType = sourcecode.c.h; path = MJRefreshBackNormalFooter.h; sourceTree = "<group>"; };
		3892822E1F47193800CAADD0 /* MJRefreshBackNormalFooter.m */ = {isa = PBXFileReference; fileEncoding = 4; lastKnownFileType = sourcecode.c.objc; path = MJRefreshBackNormalFooter.m; sourceTree = "<group>"; };
		3892822F1F47193800CAADD0 /* MJRefreshBackStateFooter.h */ = {isa = PBXFileReference; fileEncoding = 4; lastKnownFileType = sourcecode.c.h; path = MJRefreshBackStateFooter.h; sourceTree = "<group>"; };
		389282301F47193800CAADD0 /* MJRefreshBackStateFooter.m */ = {isa = PBXFileReference; fileEncoding = 4; lastKnownFileType = sourcecode.c.objc; path = MJRefreshBackStateFooter.m; sourceTree = "<group>"; };
		389282321F47193800CAADD0 /* MJRefreshGifHeader.h */ = {isa = PBXFileReference; fileEncoding = 4; lastKnownFileType = sourcecode.c.h; path = MJRefreshGifHeader.h; sourceTree = "<group>"; };
		389282331F47193800CAADD0 /* MJRefreshGifHeader.m */ = {isa = PBXFileReference; fileEncoding = 4; lastKnownFileType = sourcecode.c.objc; path = MJRefreshGifHeader.m; sourceTree = "<group>"; };
		389282341F47193800CAADD0 /* MJRefreshNormalHeader.h */ = {isa = PBXFileReference; fileEncoding = 4; lastKnownFileType = sourcecode.c.h; path = MJRefreshNormalHeader.h; sourceTree = "<group>"; };
		389282351F47193800CAADD0 /* MJRefreshNormalHeader.m */ = {isa = PBXFileReference; fileEncoding = 4; lastKnownFileType = sourcecode.c.objc; path = MJRefreshNormalHeader.m; sourceTree = "<group>"; };
		389282361F47193800CAADD0 /* MJRefreshStateHeader.h */ = {isa = PBXFileReference; fileEncoding = 4; lastKnownFileType = sourcecode.c.h; path = MJRefreshStateHeader.h; sourceTree = "<group>"; };
		389282371F47193800CAADD0 /* MJRefreshStateHeader.m */ = {isa = PBXFileReference; fileEncoding = 4; lastKnownFileType = sourcecode.c.objc; path = MJRefreshStateHeader.m; sourceTree = "<group>"; };
		389282381F47193800CAADD0 /* MJRefresh.bundle */ = {isa = PBXFileReference; lastKnownFileType = "wrapper.plug-in"; path = MJRefresh.bundle; sourceTree = "<group>"; };
		389282391F47193800CAADD0 /* MJRefresh.h */ = {isa = PBXFileReference; fileEncoding = 4; lastKnownFileType = sourcecode.c.h; path = MJRefresh.h; sourceTree = "<group>"; };
		3892823A1F47193800CAADD0 /* MJRefreshConst.h */ = {isa = PBXFileReference; fileEncoding = 4; lastKnownFileType = sourcecode.c.h; path = MJRefreshConst.h; sourceTree = "<group>"; };
		3892823B1F47193800CAADD0 /* MJRefreshConst.m */ = {isa = PBXFileReference; fileEncoding = 4; lastKnownFileType = sourcecode.c.objc; path = MJRefreshConst.m; sourceTree = "<group>"; };
		3892823C1F47193800CAADD0 /* NSBundle+MJRefresh.h */ = {isa = PBXFileReference; fileEncoding = 4; lastKnownFileType = sourcecode.c.h; path = "NSBundle+MJRefresh.h"; sourceTree = "<group>"; };
		3892823D1F47193800CAADD0 /* NSBundle+MJRefresh.m */ = {isa = PBXFileReference; fileEncoding = 4; lastKnownFileType = sourcecode.c.objc; path = "NSBundle+MJRefresh.m"; sourceTree = "<group>"; };
		3892823E1F47193800CAADD0 /* UIScrollView+MJExtension.h */ = {isa = PBXFileReference; fileEncoding = 4; lastKnownFileType = sourcecode.c.h; path = "UIScrollView+MJExtension.h"; sourceTree = "<group>"; };
		3892823F1F47193800CAADD0 /* UIScrollView+MJExtension.m */ = {isa = PBXFileReference; fileEncoding = 4; lastKnownFileType = sourcecode.c.objc; path = "UIScrollView+MJExtension.m"; sourceTree = "<group>"; };
		389282401F47193800CAADD0 /* UIScrollView+MJRefresh.h */ = {isa = PBXFileReference; fileEncoding = 4; lastKnownFileType = sourcecode.c.h; path = "UIScrollView+MJRefresh.h"; sourceTree = "<group>"; };
		389282411F47193800CAADD0 /* UIScrollView+MJRefresh.m */ = {isa = PBXFileReference; fileEncoding = 4; lastKnownFileType = sourcecode.c.objc; path = "UIScrollView+MJRefresh.m"; sourceTree = "<group>"; };
		389282421F47193800CAADD0 /* UIView+MJExtension.h */ = {isa = PBXFileReference; fileEncoding = 4; lastKnownFileType = sourcecode.c.h; path = "UIView+MJExtension.h"; sourceTree = "<group>"; };
		389282431F47193800CAADD0 /* UIView+MJExtension.m */ = {isa = PBXFileReference; fileEncoding = 4; lastKnownFileType = sourcecode.c.objc; path = "UIView+MJExtension.m"; sourceTree = "<group>"; };
		389282451F47193800CAADD0 /* MKAnnotationView+WebCache.h */ = {isa = PBXFileReference; fileEncoding = 4; lastKnownFileType = sourcecode.c.h; path = "MKAnnotationView+WebCache.h"; sourceTree = "<group>"; };
		389282461F47193800CAADD0 /* MKAnnotationView+WebCache.m */ = {isa = PBXFileReference; fileEncoding = 4; lastKnownFileType = sourcecode.c.objc; path = "MKAnnotationView+WebCache.m"; sourceTree = "<group>"; };
		389282471F47193800CAADD0 /* NSData+ImageContentType.h */ = {isa = PBXFileReference; fileEncoding = 4; lastKnownFileType = sourcecode.c.h; path = "NSData+ImageContentType.h"; sourceTree = "<group>"; };
		389282481F47193800CAADD0 /* NSData+ImageContentType.m */ = {isa = PBXFileReference; fileEncoding = 4; lastKnownFileType = sourcecode.c.objc; path = "NSData+ImageContentType.m"; sourceTree = "<group>"; };
		389282491F47193800CAADD0 /* SDImageCache.h */ = {isa = PBXFileReference; fileEncoding = 4; lastKnownFileType = sourcecode.c.h; path = SDImageCache.h; sourceTree = "<group>"; };
		3892824A1F47193800CAADD0 /* SDImageCache.m */ = {isa = PBXFileReference; fileEncoding = 4; lastKnownFileType = sourcecode.c.objc; path = SDImageCache.m; sourceTree = "<group>"; };
		3892824B1F47193800CAADD0 /* SDWebImageCompat.h */ = {isa = PBXFileReference; fileEncoding = 4; lastKnownFileType = sourcecode.c.h; path = SDWebImageCompat.h; sourceTree = "<group>"; };
		3892824C1F47193800CAADD0 /* SDWebImageCompat.m */ = {isa = PBXFileReference; fileEncoding = 4; lastKnownFileType = sourcecode.c.objc; path = SDWebImageCompat.m; sourceTree = "<group>"; };
		3892824D1F47193800CAADD0 /* SDWebImageDecoder.h */ = {isa = PBXFileReference; fileEncoding = 4; lastKnownFileType = sourcecode.c.h; path = SDWebImageDecoder.h; sourceTree = "<group>"; };
		3892824E1F47193800CAADD0 /* SDWebImageDecoder.m */ = {isa = PBXFileReference; fileEncoding = 4; lastKnownFileType = sourcecode.c.objc; path = SDWebImageDecoder.m; sourceTree = "<group>"; };
		3892824F1F47193800CAADD0 /* SDWebImageDownloader.h */ = {isa = PBXFileReference; fileEncoding = 4; lastKnownFileType = sourcecode.c.h; path = SDWebImageDownloader.h; sourceTree = "<group>"; };
		389282501F47193800CAADD0 /* SDWebImageDownloader.m */ = {isa = PBXFileReference; fileEncoding = 4; lastKnownFileType = sourcecode.c.objc; path = SDWebImageDownloader.m; sourceTree = "<group>"; };
		389282511F47193800CAADD0 /* SDWebImageDownloaderOperation.h */ = {isa = PBXFileReference; fileEncoding = 4; lastKnownFileType = sourcecode.c.h; path = SDWebImageDownloaderOperation.h; sourceTree = "<group>"; };
		389282521F47193800CAADD0 /* SDWebImageDownloaderOperation.m */ = {isa = PBXFileReference; fileEncoding = 4; lastKnownFileType = sourcecode.c.objc; path = SDWebImageDownloaderOperation.m; sourceTree = "<group>"; };
		389282531F47193800CAADD0 /* SDWebImageManager.h */ = {isa = PBXFileReference; fileEncoding = 4; lastKnownFileType = sourcecode.c.h; path = SDWebImageManager.h; sourceTree = "<group>"; };
		389282541F47193800CAADD0 /* SDWebImageManager.m */ = {isa = PBXFileReference; fileEncoding = 4; lastKnownFileType = sourcecode.c.objc; path = SDWebImageManager.m; sourceTree = "<group>"; };
		389282551F47193800CAADD0 /* SDWebImageOperation.h */ = {isa = PBXFileReference; fileEncoding = 4; lastKnownFileType = sourcecode.c.h; path = SDWebImageOperation.h; sourceTree = "<group>"; };
		389282561F47193800CAADD0 /* SDWebImagePrefetcher.h */ = {isa = PBXFileReference; fileEncoding = 4; lastKnownFileType = sourcecode.c.h; path = SDWebImagePrefetcher.h; sourceTree = "<group>"; };
		389282571F47193800CAADD0 /* SDWebImagePrefetcher.m */ = {isa = PBXFileReference; fileEncoding = 4; lastKnownFileType = sourcecode.c.objc; path = SDWebImagePrefetcher.m; sourceTree = "<group>"; };
		389282581F47193800CAADD0 /* UIButton+WebCache.h */ = {isa = PBXFileReference; fileEncoding = 4; lastKnownFileType = sourcecode.c.h; path = "UIButton+WebCache.h"; sourceTree = "<group>"; };
		389282591F47193800CAADD0 /* UIButton+WebCache.m */ = {isa = PBXFileReference; fileEncoding = 4; lastKnownFileType = sourcecode.c.objc; path = "UIButton+WebCache.m"; sourceTree = "<group>"; };
		3892825A1F47193800CAADD0 /* UIImage+GIF.h */ = {isa = PBXFileReference; fileEncoding = 4; lastKnownFileType = sourcecode.c.h; path = "UIImage+GIF.h"; sourceTree = "<group>"; };
		3892825B1F47193800CAADD0 /* UIImage+GIF.m */ = {isa = PBXFileReference; fileEncoding = 4; lastKnownFileType = sourcecode.c.objc; path = "UIImage+GIF.m"; sourceTree = "<group>"; };
		3892825C1F47193800CAADD0 /* UIImage+MultiFormat.h */ = {isa = PBXFileReference; fileEncoding = 4; lastKnownFileType = sourcecode.c.h; path = "UIImage+MultiFormat.h"; sourceTree = "<group>"; };
		3892825D1F47193800CAADD0 /* UIImage+MultiFormat.m */ = {isa = PBXFileReference; fileEncoding = 4; lastKnownFileType = sourcecode.c.objc; path = "UIImage+MultiFormat.m"; sourceTree = "<group>"; };
		3892825E1F47193800CAADD0 /* UIImage+WebP.h */ = {isa = PBXFileReference; fileEncoding = 4; lastKnownFileType = sourcecode.c.h; path = "UIImage+WebP.h"; sourceTree = "<group>"; };
		3892825F1F47193800CAADD0 /* UIImage+WebP.m */ = {isa = PBXFileReference; fileEncoding = 4; lastKnownFileType = sourcecode.c.objc; path = "UIImage+WebP.m"; sourceTree = "<group>"; };
		389282601F47193800CAADD0 /* UIImageView+HighlightedWebCache.h */ = {isa = PBXFileReference; fileEncoding = 4; lastKnownFileType = sourcecode.c.h; path = "UIImageView+HighlightedWebCache.h"; sourceTree = "<group>"; };
		389282611F47193800CAADD0 /* UIImageView+HighlightedWebCache.m */ = {isa = PBXFileReference; fileEncoding = 4; lastKnownFileType = sourcecode.c.objc; path = "UIImageView+HighlightedWebCache.m"; sourceTree = "<group>"; };
		389282621F47193800CAADD0 /* UIImageView+WebCache.h */ = {isa = PBXFileReference; fileEncoding = 4; lastKnownFileType = sourcecode.c.h; path = "UIImageView+WebCache.h"; sourceTree = "<group>"; };
		389282631F47193800CAADD0 /* UIImageView+WebCache.m */ = {isa = PBXFileReference; fileEncoding = 4; lastKnownFileType = sourcecode.c.objc; path = "UIImageView+WebCache.m"; sourceTree = "<group>"; };
		389282641F47193800CAADD0 /* UIView+WebCacheOperation.h */ = {isa = PBXFileReference; fileEncoding = 4; lastKnownFileType = sourcecode.c.h; path = "UIView+WebCacheOperation.h"; sourceTree = "<group>"; };
		389282651F47193800CAADD0 /* UIView+WebCacheOperation.m */ = {isa = PBXFileReference; fileEncoding = 4; lastKnownFileType = sourcecode.c.objc; path = "UIView+WebCacheOperation.m"; sourceTree = "<group>"; };
		389282A71F4719E600CAADD0 /* Foundation+Log.m */ = {isa = PBXFileReference; fileEncoding = 4; lastKnownFileType = sourcecode.c.objc; path = "Foundation+Log.m"; sourceTree = "<group>"; };
		389282A81F4719E600CAADD0 /* NSDate+Category.h */ = {isa = PBXFileReference; fileEncoding = 4; lastKnownFileType = sourcecode.c.h; path = "NSDate+Category.h"; sourceTree = "<group>"; };
		389282A91F4719E600CAADD0 /* NSDate+Category.m */ = {isa = PBXFileReference; fileEncoding = 4; lastKnownFileType = sourcecode.c.objc; path = "NSDate+Category.m"; sourceTree = "<group>"; };
		389282AA1F4719E600CAADD0 /* NSDateFormatter+Category.h */ = {isa = PBXFileReference; fileEncoding = 4; lastKnownFileType = sourcecode.c.h; path = "NSDateFormatter+Category.h"; sourceTree = "<group>"; };
		389282AB1F4719E600CAADD0 /* NSDateFormatter+Category.m */ = {isa = PBXFileReference; fileEncoding = 4; lastKnownFileType = sourcecode.c.objc; path = "NSDateFormatter+Category.m"; sourceTree = "<group>"; };
		389282AC1F4719E600CAADD0 /* UIBarButtonItem+ZJExtension.h */ = {isa = PBXFileReference; fileEncoding = 4; lastKnownFileType = sourcecode.c.h; path = "UIBarButtonItem+ZJExtension.h"; sourceTree = "<group>"; };
		389282AD1F4719E600CAADD0 /* UIBarButtonItem+ZJExtension.m */ = {isa = PBXFileReference; fileEncoding = 4; lastKnownFileType = sourcecode.c.objc; path = "UIBarButtonItem+ZJExtension.m"; sourceTree = "<group>"; };
		389282AE1F4719E600CAADD0 /* UIImage+ZJExtension.h */ = {isa = PBXFileReference; fileEncoding = 4; lastKnownFileType = sourcecode.c.h; path = "UIImage+ZJExtension.h"; sourceTree = "<group>"; };
		389282AF1F4719E600CAADD0 /* UIImage+ZJExtension.m */ = {isa = PBXFileReference; fileEncoding = 4; lastKnownFileType = sourcecode.c.objc; path = "UIImage+ZJExtension.m"; sourceTree = "<group>"; };
		389282B01F4719E600CAADD0 /* UIView+ZJExtension.h */ = {isa = PBXFileReference; fileEncoding = 4; lastKnownFileType = sourcecode.c.h; path = "UIView+ZJExtension.h"; sourceTree = "<group>"; };
		389282B11F4719E600CAADD0 /* UIView+ZJExtension.m */ = {isa = PBXFileReference; fileEncoding = 4; lastKnownFileType = sourcecode.c.objc; path = "UIView+ZJExtension.m"; sourceTree = "<group>"; };
		389282B81F471AC900CAADD0 /* ZJAFNetworking.h */ = {isa = PBXFileReference; fileEncoding = 4; lastKnownFileType = sourcecode.c.h; path = ZJAFNetworking.h; sourceTree = "<group>"; };
		389282B91F471AC900CAADD0 /* ZJAFNetworking.m */ = {isa = PBXFileReference; fileEncoding = 4; lastKnownFileType = sourcecode.c.objc; path = ZJAFNetworking.m; sourceTree = "<group>"; };
		389282BB1F47208900CAADD0 /* JRNavigationController.h */ = {isa = PBXFileReference; fileEncoding = 4; lastKnownFileType = sourcecode.c.h; path = JRNavigationController.h; sourceTree = "<group>"; };
		389282BC1F47208900CAADD0 /* JRNavigationController.m */ = {isa = PBXFileReference; fileEncoding = 4; lastKnownFileType = sourcecode.c.objc; path = JRNavigationController.m; sourceTree = "<group>"; };
		389282BE1F4722DC00CAADD0 /* NSObject+ZJUIExtension.h */ = {isa = PBXFileReference; fileEncoding = 4; lastKnownFileType = sourcecode.c.h; path = "NSObject+ZJUIExtension.h"; sourceTree = "<group>"; };
		389282BF1F4722DC00CAADD0 /* NSObject+ZJUIExtension.m */ = {isa = PBXFileReference; fileEncoding = 4; lastKnownFileType = sourcecode.c.objc; path = "NSObject+ZJUIExtension.m"; sourceTree = "<group>"; };
		38AC38341F2C7B8700D47E35 /* JR.app */ = {isa = PBXFileReference; explicitFileType = wrapper.application; includeInIndex = 0; path = JR.app; sourceTree = BUILT_PRODUCTS_DIR; };
		38AC384D1F2C7B8700D47E35 /* JRTests.xctest */ = {isa = PBXFileReference; explicitFileType = wrapper.cfbundle; includeInIndex = 0; path = JRTests.xctest; sourceTree = BUILT_PRODUCTS_DIR; };
		38AC38511F2C7B8700D47E35 /* JRTests.m */ = {isa = PBXFileReference; lastKnownFileType = sourcecode.c.objc; path = JRTests.m; sourceTree = "<group>"; };
		38AC38531F2C7B8700D47E35 /* Info.plist */ = {isa = PBXFileReference; lastKnownFileType = text.plist.xml; path = Info.plist; sourceTree = "<group>"; };
		38AC38581F2C7B8700D47E35 /* JRUITests.xctest */ = {isa = PBXFileReference; explicitFileType = wrapper.cfbundle; includeInIndex = 0; path = JRUITests.xctest; sourceTree = BUILT_PRODUCTS_DIR; };
		38AC385C1F2C7B8700D47E35 /* JRUITests.m */ = {isa = PBXFileReference; lastKnownFileType = sourcecode.c.objc; path = JRUITests.m; sourceTree = "<group>"; };
		38AC385E1F2C7B8700D47E35 /* Info.plist */ = {isa = PBXFileReference; lastKnownFileType = text.plist.xml; path = Info.plist; sourceTree = "<group>"; };
		38AC386E1F2C82B900D47E35 /* AppDelegate.h */ = {isa = PBXFileReference; fileEncoding = 4; lastKnownFileType = sourcecode.c.h; path = AppDelegate.h; sourceTree = "<group>"; };
		38AC386F1F2C82B900D47E35 /* AppDelegate.m */ = {isa = PBXFileReference; fileEncoding = 4; lastKnownFileType = sourcecode.c.objc; path = AppDelegate.m; sourceTree = "<group>"; };
		38AC38701F2C82B900D47E35 /* Info.plist */ = {isa = PBXFileReference; fileEncoding = 4; lastKnownFileType = text.plist.xml; path = Info.plist; sourceTree = "<group>"; };
		38AC38711F2C82B900D47E35 /* main.m */ = {isa = PBXFileReference; fileEncoding = 4; lastKnownFileType = sourcecode.c.objc; path = main.m; sourceTree = "<group>"; };
		38AC38841F2C82B900D47E35 /* Assets.xcassets */ = {isa = PBXFileReference; lastKnownFileType = folder.assetcatalog; path = Assets.xcassets; sourceTree = "<group>"; };
/* End PBXFileReference section */

/* Begin PBXFrameworksBuildPhase section */
		38AC38311F2C7B8700D47E35 /* Frameworks */ = {
			isa = PBXFrameworksBuildPhase;
			buildActionMask = 2147483647;
			files = (
			);
			runOnlyForDeploymentPostprocessing = 0;
		};
		38AC384A1F2C7B8700D47E35 /* Frameworks */ = {
			isa = PBXFrameworksBuildPhase;
			buildActionMask = 2147483647;
			files = (
			);
			runOnlyForDeploymentPostprocessing = 0;
		};
		38AC38551F2C7B8700D47E35 /* Frameworks */ = {
			isa = PBXFrameworksBuildPhase;
			buildActionMask = 2147483647;
			files = (
			);
			runOnlyForDeploymentPostprocessing = 0;
		};
/* End PBXFrameworksBuildPhase section */

/* Begin PBXGroup section */
		389281C21F47162000CAADD0 /* Home(首页) */ = {
			isa = PBXGroup;
			children = (
				389281C31F47162000CAADD0 /* Controller */,
				389281C41F47162000CAADD0 /* Model */,
				389281C51F47162000CAADD0 /* View */,
			);
			path = "Home(首页)";
			sourceTree = "<group>";
		};
		389281C31F47162000CAADD0 /* Controller */ = {
			isa = PBXGroup;
			children = (
			);
			path = Controller;
			sourceTree = "<group>";
		};
		389281C41F47162000CAADD0 /* Model */ = {
			isa = PBXGroup;
			children = (
			);
			path = Model;
			sourceTree = "<group>";
		};
		389281C51F47162000CAADD0 /* View */ = {
			isa = PBXGroup;
			children = (
			);
			path = View;
			sourceTree = "<group>";
		};
		389281C61F47162000CAADD0 /* Me(我) */ = {
			isa = PBXGroup;
			children = (
				389281C71F47162000CAADD0 /* Controller */,
				389281C81F47162000CAADD0 /* Model */,
				389281C91F47162000CAADD0 /* View */,
			);
			path = "Me(我)";
			sourceTree = "<group>";
		};
		389281C71F47162000CAADD0 /* Controller */ = {
			isa = PBXGroup;
			children = (
			);
			path = Controller;
			sourceTree = "<group>";
		};
		389281C81F47162000CAADD0 /* Model */ = {
			isa = PBXGroup;
			children = (
			);
			path = Model;
			sourceTree = "<group>";
		};
		389281C91F47162000CAADD0 /* View */ = {
			isa = PBXGroup;
			children = (
			);
			path = View;
			sourceTree = "<group>";
		};
		389281CA1F47162000CAADD0 /* Relation(关系) */ = {
			isa = PBXGroup;
			children = (
				389281CB1F47162000CAADD0 /* Controller */,
				389281CC1F47162000CAADD0 /* Model */,
				389281CD1F47162000CAADD0 /* View */,
			);
			path = "Relation(关系)";
			sourceTree = "<group>";
		};
		389281CB1F47162000CAADD0 /* Controller */ = {
			isa = PBXGroup;
			children = (
			);
			path = Controller;
			sourceTree = "<group>";
		};
		389281CC1F47162000CAADD0 /* Model */ = {
			isa = PBXGroup;
			children = (
			);
			path = Model;
			sourceTree = "<group>";
		};
		389281CD1F47162000CAADD0 /* View */ = {
			isa = PBXGroup;
			children = (
			);
			path = View;
			sourceTree = "<group>";
		};
		389281D21F47193800CAADD0 /* AFNetworking */ = {
			isa = PBXGroup;
			children = (
				389281D31F47193800CAADD0 /* AFHTTPSessionManager.h */,
				389281D41F47193800CAADD0 /* AFHTTPSessionManager.m */,
				389281D51F47193800CAADD0 /* AFNetworking.h */,
				389281D61F47193800CAADD0 /* AFNetworkReachabilityManager.h */,
				389281D71F47193800CAADD0 /* AFNetworkReachabilityManager.m */,
				389281D81F47193800CAADD0 /* AFSecurityPolicy.h */,
				389281D91F47193800CAADD0 /* AFSecurityPolicy.m */,
				389281DA1F47193800CAADD0 /* AFURLRequestSerialization.h */,
				389281DB1F47193800CAADD0 /* AFURLRequestSerialization.m */,
				389281DC1F47193800CAADD0 /* AFURLResponseSerialization.h */,
				389281DD1F47193800CAADD0 /* AFURLResponseSerialization.m */,
				389281DE1F47193800CAADD0 /* AFURLSessionManager.h */,
				389281DF1F47193800CAADD0 /* AFURLSessionManager.m */,
			);
			path = AFNetworking;
			sourceTree = "<group>";
		};
		389281E01F47193800CAADD0 /* Masonry */ = {
			isa = PBXGroup;
			children = (
				389281E11F47193800CAADD0 /* Info.plist */,
				389281E21F47193800CAADD0 /* MASCompositeConstraint.h */,
				389281E31F47193800CAADD0 /* MASCompositeConstraint.m */,
				389281E41F47193800CAADD0 /* MASConstraint+Private.h */,
				389281E51F47193800CAADD0 /* MASConstraint.h */,
				389281E61F47193800CAADD0 /* MASConstraint.m */,
				389281E71F47193800CAADD0 /* MASConstraintMaker.h */,
				389281E81F47193800CAADD0 /* MASConstraintMaker.m */,
				389281E91F47193800CAADD0 /* MASLayoutConstraint.h */,
				389281EA1F47193800CAADD0 /* MASLayoutConstraint.m */,
				389281EB1F47193800CAADD0 /* Masonry.h */,
				389281EC1F47193800CAADD0 /* MASUtilities.h */,
				389281ED1F47193800CAADD0 /* MASViewAttribute.h */,
				389281EE1F47193800CAADD0 /* MASViewAttribute.m */,
				389281EF1F47193800CAADD0 /* MASViewConstraint.h */,
				389281F01F47193800CAADD0 /* MASViewConstraint.m */,
				389281F11F47193800CAADD0 /* NSArray+MASAdditions.h */,
				389281F21F47193800CAADD0 /* NSArray+MASAdditions.m */,
				389281F31F47193800CAADD0 /* NSArray+MASShorthandAdditions.h */,
				389281F41F47193800CAADD0 /* NSLayoutConstraint+MASDebugAdditions.h */,
				389281F51F47193800CAADD0 /* NSLayoutConstraint+MASDebugAdditions.m */,
				389281F61F47193800CAADD0 /* View+MASAdditions.h */,
				389281F71F47193800CAADD0 /* View+MASAdditions.m */,
				389281F81F47193800CAADD0 /* View+MASShorthandAdditions.h */,
				389281F91F47193800CAADD0 /* ViewController+MASAdditions.h */,
				389281FA1F47193800CAADD0 /* ViewController+MASAdditions.m */,
			);
			path = Masonry;
			sourceTree = "<group>";
		};
		389281FB1F47193800CAADD0 /* MBProgressHUD */ = {
			isa = PBXGroup;
			children = (
				389281FC1F47193800CAADD0 /* MBProgressHUD.h */,
				389281FD1F47193800CAADD0 /* MBProgressHUD.m */,
			);
			path = MBProgressHUD;
			sourceTree = "<group>";
		};
		389281FE1F47193800CAADD0 /* MJExtension */ = {
			isa = PBXGroup;
			children = (
				389281FF1F47193800CAADD0 /* Info.plist */,
				389282001F47193800CAADD0 /* MJExtension.h */,
				389282011F47193800CAADD0 /* MJExtensionConst.h */,
				389282021F47193800CAADD0 /* MJExtensionConst.m */,
				389282031F47193800CAADD0 /* MJFoundation.h */,
				389282041F47193800CAADD0 /* MJFoundation.m */,
				389282051F47193800CAADD0 /* MJProperty.h */,
				389282061F47193800CAADD0 /* MJProperty.m */,
				389282071F47193800CAADD0 /* MJPropertyKey.h */,
				389282081F47193800CAADD0 /* MJPropertyKey.m */,
				389282091F47193800CAADD0 /* MJPropertyType.h */,
				3892820A1F47193800CAADD0 /* MJPropertyType.m */,
				3892820B1F47193800CAADD0 /* NSObject+MJClass.h */,
				3892820C1F47193800CAADD0 /* NSObject+MJClass.m */,
				3892820D1F47193800CAADD0 /* NSObject+MJCoding.h */,
				3892820E1F47193800CAADD0 /* NSObject+MJCoding.m */,
				3892820F1F47193800CAADD0 /* NSObject+MJKeyValue.h */,
				389282101F47193800CAADD0 /* NSObject+MJKeyValue.m */,
				389282111F47193800CAADD0 /* NSObject+MJProperty.h */,
				389282121F47193800CAADD0 /* NSObject+MJProperty.m */,
				389282131F47193800CAADD0 /* NSString+MJExtension.h */,
				389282141F47193800CAADD0 /* NSString+MJExtension.m */,
			);
			path = MJExtension;
			sourceTree = "<group>";
		};
		389282151F47193800CAADD0 /* MJRefresh */ = {
			isa = PBXGroup;
			children = (
				389282161F47193800CAADD0 /* Base */,
				389282211F47193800CAADD0 /* Custom */,
				389282381F47193800CAADD0 /* MJRefresh.bundle */,
				389282391F47193800CAADD0 /* MJRefresh.h */,
				3892823A1F47193800CAADD0 /* MJRefreshConst.h */,
				3892823B1F47193800CAADD0 /* MJRefreshConst.m */,
				3892823C1F47193800CAADD0 /* NSBundle+MJRefresh.h */,
				3892823D1F47193800CAADD0 /* NSBundle+MJRefresh.m */,
				3892823E1F47193800CAADD0 /* UIScrollView+MJExtension.h */,
				3892823F1F47193800CAADD0 /* UIScrollView+MJExtension.m */,
				389282401F47193800CAADD0 /* UIScrollView+MJRefresh.h */,
				389282411F47193800CAADD0 /* UIScrollView+MJRefresh.m */,
				389282421F47193800CAADD0 /* UIView+MJExtension.h */,
				389282431F47193800CAADD0 /* UIView+MJExtension.m */,
			);
			path = MJRefresh;
			sourceTree = "<group>";
		};
		389282161F47193800CAADD0 /* Base */ = {
			isa = PBXGroup;
			children = (
				389282171F47193800CAADD0 /* MJRefreshAutoFooter.h */,
				389282181F47193800CAADD0 /* MJRefreshAutoFooter.m */,
				389282191F47193800CAADD0 /* MJRefreshBackFooter.h */,
				3892821A1F47193800CAADD0 /* MJRefreshBackFooter.m */,
				3892821B1F47193800CAADD0 /* MJRefreshComponent.h */,
				3892821C1F47193800CAADD0 /* MJRefreshComponent.m */,
				3892821D1F47193800CAADD0 /* MJRefreshFooter.h */,
				3892821E1F47193800CAADD0 /* MJRefreshFooter.m */,
				3892821F1F47193800CAADD0 /* MJRefreshHeader.h */,
				389282201F47193800CAADD0 /* MJRefreshHeader.m */,
			);
			path = Base;
			sourceTree = "<group>";
		};
		389282211F47193800CAADD0 /* Custom */ = {
			isa = PBXGroup;
			children = (
				389282221F47193800CAADD0 /* Footer */,
				389282311F47193800CAADD0 /* Header */,
			);
			path = Custom;
			sourceTree = "<group>";
		};
		389282221F47193800CAADD0 /* Footer */ = {
			isa = PBXGroup;
			children = (
				389282231F47193800CAADD0 /* Auto */,
				3892822A1F47193800CAADD0 /* Back */,
			);
			path = Footer;
			sourceTree = "<group>";
		};
		389282231F47193800CAADD0 /* Auto */ = {
			isa = PBXGroup;
			children = (
				389282241F47193800CAADD0 /* MJRefreshAutoGifFooter.h */,
				389282251F47193800CAADD0 /* MJRefreshAutoGifFooter.m */,
				389282261F47193800CAADD0 /* MJRefreshAutoNormalFooter.h */,
				389282271F47193800CAADD0 /* MJRefreshAutoNormalFooter.m */,
				389282281F47193800CAADD0 /* MJRefreshAutoStateFooter.h */,
				389282291F47193800CAADD0 /* MJRefreshAutoStateFooter.m */,
			);
			path = Auto;
			sourceTree = "<group>";
		};
		3892822A1F47193800CAADD0 /* Back */ = {
			isa = PBXGroup;
			children = (
				3892822B1F47193800CAADD0 /* MJRefreshBackGifFooter.h */,
				3892822C1F47193800CAADD0 /* MJRefreshBackGifFooter.m */,
				3892822D1F47193800CAADD0 /* MJRefreshBackNormalFooter.h */,
				3892822E1F47193800CAADD0 /* MJRefreshBackNormalFooter.m */,
				3892822F1F47193800CAADD0 /* MJRefreshBackStateFooter.h */,
				389282301F47193800CAADD0 /* MJRefreshBackStateFooter.m */,
			);
			path = Back;
			sourceTree = "<group>";
		};
		389282311F47193800CAADD0 /* Header */ = {
			isa = PBXGroup;
			children = (
				389282321F47193800CAADD0 /* MJRefreshGifHeader.h */,
				389282331F47193800CAADD0 /* MJRefreshGifHeader.m */,
				389282341F47193800CAADD0 /* MJRefreshNormalHeader.h */,
				389282351F47193800CAADD0 /* MJRefreshNormalHeader.m */,
				389282361F47193800CAADD0 /* MJRefreshStateHeader.h */,
				389282371F47193800CAADD0 /* MJRefreshStateHeader.m */,
			);
			path = Header;
			sourceTree = "<group>";
		};
		389282441F47193800CAADD0 /* SDWebImage */ = {
			isa = PBXGroup;
			children = (
				389282451F47193800CAADD0 /* MKAnnotationView+WebCache.h */,
				389282461F47193800CAADD0 /* MKAnnotationView+WebCache.m */,
				389282471F47193800CAADD0 /* NSData+ImageContentType.h */,
				389282481F47193800CAADD0 /* NSData+ImageContentType.m */,
				389282491F47193800CAADD0 /* SDImageCache.h */,
				3892824A1F47193800CAADD0 /* SDImageCache.m */,
				3892824B1F47193800CAADD0 /* SDWebImageCompat.h */,
				3892824C1F47193800CAADD0 /* SDWebImageCompat.m */,
				3892824D1F47193800CAADD0 /* SDWebImageDecoder.h */,
				3892824E1F47193800CAADD0 /* SDWebImageDecoder.m */,
				3892824F1F47193800CAADD0 /* SDWebImageDownloader.h */,
				389282501F47193800CAADD0 /* SDWebImageDownloader.m */,
				389282511F47193800CAADD0 /* SDWebImageDownloaderOperation.h */,
				389282521F47193800CAADD0 /* SDWebImageDownloaderOperation.m */,
				389282531F47193800CAADD0 /* SDWebImageManager.h */,
				389282541F47193800CAADD0 /* SDWebImageManager.m */,
				389282551F47193800CAADD0 /* SDWebImageOperation.h */,
				389282561F47193800CAADD0 /* SDWebImagePrefetcher.h */,
				389282571F47193800CAADD0 /* SDWebImagePrefetcher.m */,
				389282581F47193800CAADD0 /* UIButton+WebCache.h */,
				389282591F47193800CAADD0 /* UIButton+WebCache.m */,
				3892825A1F47193800CAADD0 /* UIImage+GIF.h */,
				3892825B1F47193800CAADD0 /* UIImage+GIF.m */,
				3892825C1F47193800CAADD0 /* UIImage+MultiFormat.h */,
				3892825D1F47193800CAADD0 /* UIImage+MultiFormat.m */,
				3892825E1F47193800CAADD0 /* UIImage+WebP.h */,
				3892825F1F47193800CAADD0 /* UIImage+WebP.m */,
				389282601F47193800CAADD0 /* UIImageView+HighlightedWebCache.h */,
				389282611F47193800CAADD0 /* UIImageView+HighlightedWebCache.m */,
				389282621F47193800CAADD0 /* UIImageView+WebCache.h */,
				389282631F47193800CAADD0 /* UIImageView+WebCache.m */,
				389282641F47193800CAADD0 /* UIView+WebCacheOperation.h */,
				389282651F47193800CAADD0 /* UIView+WebCacheOperation.m */,
			);
			path = SDWebImage;
			sourceTree = "<group>";
		};
		38AC382B1F2C7B8700D47E35 = {
			isa = PBXGroup;
			children = (
				38AC38361F2C7B8700D47E35 /* JR */,
				38AC38501F2C7B8700D47E35 /* JRTests */,
				38AC385B1F2C7B8700D47E35 /* JRUITests */,
				38AC38351F2C7B8700D47E35 /* Products */,
			);
			sourceTree = "<group>";
		};
		38AC38351F2C7B8700D47E35 /* Products */ = {
			isa = PBXGroup;
			children = (
				38AC38341F2C7B8700D47E35 /* JR.app */,
				38AC384D1F2C7B8700D47E35 /* JRTests.xctest */,
				38AC38581F2C7B8700D47E35 /* JRUITests.xctest */,
			);
			name = Products;
			sourceTree = "<group>";
		};
		38AC38361F2C7B8700D47E35 /* JR */ = {
			isa = PBXGroup;
			children = (
				38AC386A1F2C82B900D47E35 /* Classes */,
			);
			path = JR;
			sourceTree = "<group>";
		};
		38AC38501F2C7B8700D47E35 /* JRTests */ = {
			isa = PBXGroup;
			children = (
				38AC38511F2C7B8700D47E35 /* JRTests.m */,
				38AC38531F2C7B8700D47E35 /* Info.plist */,
			);
			path = JRTests;
			sourceTree = "<group>";
		};
		38AC385B1F2C7B8700D47E35 /* JRUITests */ = {
			isa = PBXGroup;
			children = (
				38AC385C1F2C7B8700D47E35 /* JRUITests.m */,
				38AC385E1F2C7B8700D47E35 /* Info.plist */,
			);
			path = JRUITests;
			sourceTree = "<group>";
		};
		38AC386A1F2C82B900D47E35 /* Classes */ = {
			isa = PBXGroup;
			children = (
				38AC386B1F2C82B900D47E35 /* Common(全局) */,
				38AC387A1F2C82B900D47E35 /* Feature(模块) */,
				38AC387F1F2C82B900D47E35 /* Lib(第三方) */,
				38AC38801F2C82B900D47E35 /* Resource(资源) */,
			);
			path = Classes;
			sourceTree = "<group>";
		};
		38AC386B1F2C82B900D47E35 /* Common(全局) */ = {
			isa = PBXGroup;
			children = (
				38AC386D1F2C82B900D47E35 /* Entrance(入口) */,
				38AC386C1F2C82B900D47E35 /* Category(分类) */,
				38AC38781F2C82B900D47E35 /* Swizzle(方法拦截) */,
				38AC38791F2C82B900D47E35 /* Tool(工具类) */,
				38AC38721F2C82B900D47E35 /* Model(全局模型) */,
				38AC38731F2C82B900D47E35 /* Prefix(预编译) */,
				38AC38741F2C82B900D47E35 /* Service(服务) */,
			);
			path = "Common(全局)";
			sourceTree = "<group>";
		};
		38AC386C1F2C82B900D47E35 /* Category(分类) */ = {
			isa = PBXGroup;
			children = (
				389282A71F4719E600CAADD0 /* Foundation+Log.m */,
				389282A81F4719E600CAADD0 /* NSDate+Category.h */,
				389282A91F4719E600CAADD0 /* NSDate+Category.m */,
				389282AA1F4719E600CAADD0 /* NSDateFormatter+Category.h */,
				389282AB1F4719E600CAADD0 /* NSDateFormatter+Category.m */,
				389282AC1F4719E600CAADD0 /* UIBarButtonItem+ZJExtension.h */,
				389282AD1F4719E600CAADD0 /* UIBarButtonItem+ZJExtension.m */,
				389282AE1F4719E600CAADD0 /* UIImage+ZJExtension.h */,
				389282AF1F4719E600CAADD0 /* UIImage+ZJExtension.m */,
				389282B01F4719E600CAADD0 /* UIView+ZJExtension.h */,
				389282B11F4719E600CAADD0 /* UIView+ZJExtension.m */,
				389282BE1F4722DC00CAADD0 /* NSObject+ZJUIExtension.h */,
				389282BF1F4722DC00CAADD0 /* NSObject+ZJUIExtension.m */,
			);
			path = "Category(分类)";
			sourceTree = "<group>";
		};
		38AC386D1F2C82B900D47E35 /* Entrance(入口) */ = {
			isa = PBXGroup;
			children = (
				38AC386E1F2C82B900D47E35 /* AppDelegate.h */,
				38AC386F1F2C82B900D47E35 /* AppDelegate.m */,
				38AC38701F2C82B900D47E35 /* Info.plist */,
				38AC38711F2C82B900D47E35 /* main.m */,
			);
			path = "Entrance(入口)";
			sourceTree = "<group>";
		};
		38AC38721F2C82B900D47E35 /* Model(全局模型) */ = {
			isa = PBXGroup;
			children = (
			);
			path = "Model(全局模型)";
			sourceTree = "<group>";
		};
		38AC38731F2C82B900D47E35 /* Prefix(预编译) */ = {
			isa = PBXGroup;
			children = (
				389281CE1F47167300CAADD0 /* JRConst.h */,
				389281CF1F4716BC00CAADD0 /* JRHttpAddress.h */,
				389281D01F4716D600CAADD0 /* JRHeaderFile.h */,
				389281D11F4716FA00CAADD0 /* JRTool.h */,
			);
			path = "Prefix(预编译)";
			sourceTree = "<group>";
		};
		38AC38741F2C82B900D47E35 /* Service(服务) */ = {
			isa = PBXGroup;
			children = (
				38AC38751F2C82B900D47E35 /* Http(短连接) */,
				38AC38761F2C82B900D47E35 /* Local(本地) */,
				38AC38771F2C82B900D47E35 /* Socket(长连接) */,
			);
			path = "Service(服务)";
			sourceTree = "<group>";
		};
		38AC38751F2C82B900D47E35 /* Http(短连接) */ = {
			isa = PBXGroup;
			children = (
				389282B81F471AC900CAADD0 /* ZJAFNetworking.h */,
				389282B91F471AC900CAADD0 /* ZJAFNetworking.m */,
			);
			path = "Http(短连接)";
			sourceTree = "<group>";
		};
		38AC38761F2C82B900D47E35 /* Local(本地) */ = {
			isa = PBXGroup;
			children = (
			);
			path = "Local(本地)";
			sourceTree = "<group>";
		};
		38AC38771F2C82B900D47E35 /* Socket(长连接) */ = {
			isa = PBXGroup;
			children = (
			);
			path = "Socket(长连接)";
			sourceTree = "<group>";
		};
		38AC38781F2C82B900D47E35 /* Swizzle(方法拦截) */ = {
			isa = PBXGroup;
			children = (
			);
			path = "Swizzle(方法拦截)";
			sourceTree = "<group>";
		};
		38AC38791F2C82B900D47E35 /* Tool(工具类) */ = {
			isa = PBXGroup;
			children = (
			);
			path = "Tool(工具类)";
			sourceTree = "<group>";
		};
		38AC387A1F2C82B900D47E35 /* Feature(模块) */ = {
			isa = PBXGroup;
			children = (
				38AC387B1F2C82B900D47E35 /* Basic(基础类) */,
				389281C21F47162000CAADD0 /* Home(首页) */,
				389281C61F47162000CAADD0 /* Me(我) */,
				389281CA1F47162000CAADD0 /* Relation(关系) */,
			);
			path = "Feature(模块)";
			sourceTree = "<group>";
		};
		38AC387B1F2C82B900D47E35 /* Basic(基础类) */ = {
			isa = PBXGroup;
			children = (
				38AC387C1F2C82B900D47E35 /* Controller */,
				38AC387D1F2C82B900D47E35 /* Model */,
				38AC387E1F2C82B900D47E35 /* View */,
			);
			path = "Basic(基础类)";
			sourceTree = "<group>";
		};
		38AC387C1F2C82B900D47E35 /* Controller */ = {
			isa = PBXGroup;
			children = (
				389282BB1F47208900CAADD0 /* JRNavigationController.h */,
				389282BC1F47208900CAADD0 /* JRNavigationController.m */,
			);
			path = Controller;
			sourceTree = "<group>";
		};
		38AC387D1F2C82B900D47E35 /* Model */ = {
			isa = PBXGroup;
			children = (
			);
			path = Model;
			sourceTree = "<group>";
		};
		38AC387E1F2C82B900D47E35 /* View */ = {
			isa = PBXGroup;
			children = (
			);
			path = View;
			sourceTree = "<group>";
		};
		38AC387F1F2C82B900D47E35 /* Lib(第三方) */ = {
			isa = PBXGroup;
			children = (
				389281D21F47193800CAADD0 /* AFNetworking */,
				389281E01F47193800CAADD0 /* Masonry */,
				389281FB1F47193800CAADD0 /* MBProgressHUD */,
				389281FE1F47193800CAADD0 /* MJExtension */,
				389282151F47193800CAADD0 /* MJRefresh */,
				389282441F47193800CAADD0 /* SDWebImage */,
			);
			path = "Lib(第三方)";
			sourceTree = "<group>";
		};
		38AC38801F2C82B900D47E35 /* Resource(资源) */ = {
			isa = PBXGroup;
			children = (
				38AC38811F2C82B900D47E35 /* Animation(动画) */,
				38AC38821F2C82B900D47E35 /* Audio(音频) */,
				38AC38831F2C82B900D47E35 /* Image(图片) */,
			);
			path = "Resource(资源)";
			sourceTree = "<group>";
		};
		38AC38811F2C82B900D47E35 /* Animation(动画) */ = {
			isa = PBXGroup;
			children = (
			);
			path = "Animation(动画)";
			sourceTree = "<group>";
		};
		38AC38821F2C82B900D47E35 /* Audio(音频) */ = {
			isa = PBXGroup;
			children = (
			);
			path = "Audio(音频)";
			sourceTree = "<group>";
		};
		38AC38831F2C82B900D47E35 /* Image(图片) */ = {
			isa = PBXGroup;
			children = (
				38AC38841F2C82B900D47E35 /* Assets.xcassets */,
			);
			path = "Image(图片)";
			sourceTree = "<group>";
		};
/* End PBXGroup section */

/* Begin PBXNativeTarget section */
		38AC38331F2C7B8700D47E35 /* JR */ = {
			isa = PBXNativeTarget;
			buildConfigurationList = 38AC38611F2C7B8700D47E35 /* Build configuration list for PBXNativeTarget "JR" */;
			buildPhases = (
				38AC38301F2C7B8700D47E35 /* Sources */,
				38AC38311F2C7B8700D47E35 /* Frameworks */,
				38AC38321F2C7B8700D47E35 /* Resources */,
			);
			buildRules = (
			);
			dependencies = (
			);
			name = JR;
			productName = JR;
			productReference = 38AC38341F2C7B8700D47E35 /* JR.app */;
			productType = "com.apple.product-type.application";
		};
		38AC384C1F2C7B8700D47E35 /* JRTests */ = {
			isa = PBXNativeTarget;
			buildConfigurationList = 38AC38641F2C7B8700D47E35 /* Build configuration list for PBXNativeTarget "JRTests" */;
			buildPhases = (
				38AC38491F2C7B8700D47E35 /* Sources */,
				38AC384A1F2C7B8700D47E35 /* Frameworks */,
				38AC384B1F2C7B8700D47E35 /* Resources */,
			);
			buildRules = (
			);
			dependencies = (
				38AC384F1F2C7B8700D47E35 /* PBXTargetDependency */,
			);
			name = JRTests;
			productName = JRTests;
			productReference = 38AC384D1F2C7B8700D47E35 /* JRTests.xctest */;
			productType = "com.apple.product-type.bundle.unit-test";
		};
		38AC38571F2C7B8700D47E35 /* JRUITests */ = {
			isa = PBXNativeTarget;
			buildConfigurationList = 38AC38671F2C7B8700D47E35 /* Build configuration list for PBXNativeTarget "JRUITests" */;
			buildPhases = (
				38AC38541F2C7B8700D47E35 /* Sources */,
				38AC38551F2C7B8700D47E35 /* Frameworks */,
				38AC38561F2C7B8700D47E35 /* Resources */,
			);
			buildRules = (
			);
			dependencies = (
				38AC385A1F2C7B8700D47E35 /* PBXTargetDependency */,
			);
			name = JRUITests;
			productName = JRUITests;
			productReference = 38AC38581F2C7B8700D47E35 /* JRUITests.xctest */;
			productType = "com.apple.product-type.bundle.ui-testing";
		};
/* End PBXNativeTarget section */

/* Begin PBXProject section */
		38AC382C1F2C7B8700D47E35 /* Project object */ = {
			isa = PBXProject;
			attributes = {
				LastUpgradeCheck = 0810;
				ORGANIZATIONNAME = Zj;
				TargetAttributes = {
					38AC38331F2C7B8700D47E35 = {
						CreatedOnToolsVersion = 8.1;
						DevelopmentTeam = ADESGAWMRV;
						ProvisioningStyle = Automatic;
					};
					38AC384C1F2C7B8700D47E35 = {
						CreatedOnToolsVersion = 8.1;
						DevelopmentTeam = ADESGAWMRV;
						ProvisioningStyle = Automatic;
						TestTargetID = 38AC38331F2C7B8700D47E35;
					};
					38AC38571F2C7B8700D47E35 = {
						CreatedOnToolsVersion = 8.1;
						DevelopmentTeam = ADESGAWMRV;
						ProvisioningStyle = Automatic;
						TestTargetID = 38AC38331F2C7B8700D47E35;
					};
				};
			};
			buildConfigurationList = 38AC382F1F2C7B8700D47E35 /* Build configuration list for PBXProject "JR" */;
			compatibilityVersion = "Xcode 3.2";
			developmentRegion = English;
			hasScannedForEncodings = 0;
			knownRegions = (
				en,
				Base,
			);
			mainGroup = 38AC382B1F2C7B8700D47E35;
			productRefGroup = 38AC38351F2C7B8700D47E35 /* Products */;
			projectDirPath = "";
			projectRoot = "";
			targets = (
				38AC38331F2C7B8700D47E35 /* JR */,
				38AC384C1F2C7B8700D47E35 /* JRTests */,
				38AC38571F2C7B8700D47E35 /* JRUITests */,
			);
		};
/* End PBXProject section */

/* Begin PBXResourcesBuildPhase section */
		38AC38321F2C7B8700D47E35 /* Resources */ = {
			isa = PBXResourcesBuildPhase;
			buildActionMask = 2147483647;
			files = (
				389282781F47193800CAADD0 /* Info.plist in Resources */,
				38AC38881F2C82B900D47E35 /* Assets.xcassets in Resources */,
				389282911F47193800CAADD0 /* MJRefresh.bundle in Resources */,
				3892826C1F47193800CAADD0 /* Info.plist in Resources */,
			);
			runOnlyForDeploymentPostprocessing = 0;
		};
		38AC384B1F2C7B8700D47E35 /* Resources */ = {
			isa = PBXResourcesBuildPhase;
			buildActionMask = 2147483647;
			files = (
			);
			runOnlyForDeploymentPostprocessing = 0;
		};
		38AC38561F2C7B8700D47E35 /* Resources */ = {
			isa = PBXResourcesBuildPhase;
			buildActionMask = 2147483647;
			files = (
			);
			runOnlyForDeploymentPostprocessing = 0;
		};
/* End PBXResourcesBuildPhase section */

/* Begin PBXSourcesBuildPhase section */
		38AC38301F2C7B8700D47E35 /* Sources */ = {
			isa = PBXSourcesBuildPhase;
			buildActionMask = 2147483647;
			files = (
				389282661F47193800CAADD0 /* AFHTTPSessionManager.m in Sources */,
				3892829E1F47193800CAADD0 /* SDWebImageManager.m in Sources */,
				3892826B1F47193800CAADD0 /* AFURLSessionManager.m in Sources */,
				3892829F1F47193800CAADD0 /* SDWebImagePrefetcher.m in Sources */,
				389282B41F4719E600CAADD0 /* NSDateFormatter+Category.m in Sources */,
				389282841F47193800CAADD0 /* MJRefreshBackFooter.m in Sources */,
				389282A31F47193800CAADD0 /* UIImage+WebP.m in Sources */,
				389282731F47193800CAADD0 /* NSArray+MASAdditions.m in Sources */,
				389282971F47193800CAADD0 /* MKAnnotationView+WebCache.m in Sources */,
				389282B31F4719E600CAADD0 /* NSDate+Category.m in Sources */,
				389282B51F4719E600CAADD0 /* UIBarButtonItem+ZJExtension.m in Sources */,
				389282681F47193800CAADD0 /* AFSecurityPolicy.m in Sources */,
				389282891F47193800CAADD0 /* MJRefreshAutoNormalFooter.m in Sources */,
				38AC38871F2C82B900D47E35 /* main.m in Sources */,
				389282961F47193800CAADD0 /* UIView+MJExtension.m in Sources */,
				389282751F47193800CAADD0 /* View+MASAdditions.m in Sources */,
				3892829C1F47193800CAADD0 /* SDWebImageDownloader.m in Sources */,
				3892829D1F47193800CAADD0 /* SDWebImageDownloaderOperation.m in Sources */,
				389282A11F47193800CAADD0 /* UIImage+GIF.m in Sources */,
				389282921F47193800CAADD0 /* MJRefreshConst.m in Sources */,
				389282B71F4719E600CAADD0 /* UIView+ZJExtension.m in Sources */,
				3892828A1F47193800CAADD0 /* MJRefreshAutoStateFooter.m in Sources */,
				389282701F47193800CAADD0 /* MASLayoutConstraint.m in Sources */,
				389282851F47193800CAADD0 /* MJRefreshComponent.m in Sources */,
				3892828B1F47193800CAADD0 /* MJRefreshBackGifFooter.m in Sources */,
				3892827C1F47193800CAADD0 /* MJPropertyKey.m in Sources */,
				389282771F47193800CAADD0 /* MBProgressHUD.m in Sources */,
				3892829A1F47193800CAADD0 /* SDWebImageCompat.m in Sources */,
				389282871F47193800CAADD0 /* MJRefreshHeader.m in Sources */,
				389282BA1F471AC900CAADD0 /* ZJAFNetworking.m in Sources */,
				3892827D1F47193800CAADD0 /* MJPropertyType.m in Sources */,
				389282831F47193800CAADD0 /* MJRefreshAutoFooter.m in Sources */,
				389282981F47193800CAADD0 /* NSData+ImageContentType.m in Sources */,
				389282A41F47193800CAADD0 /* UIImageView+HighlightedWebCache.m in Sources */,
				3892826E1F47193800CAADD0 /* MASConstraint.m in Sources */,
				389282A01F47193800CAADD0 /* UIButton+WebCache.m in Sources */,
				389282741F47193800CAADD0 /* NSLayoutConstraint+MASDebugAdditions.m in Sources */,
				389282A51F47193800CAADD0 /* UIImageView+WebCache.m in Sources */,
				3892826D1F47193800CAADD0 /* MASCompositeConstraint.m in Sources */,
				389282801F47193800CAADD0 /* NSObject+MJKeyValue.m in Sources */,
				389282691F47193800CAADD0 /* AFURLRequestSerialization.m in Sources */,
				389282B21F4719E600CAADD0 /* Foundation+Log.m in Sources */,
				389282BD1F47208900CAADD0 /* JRNavigationController.m in Sources */,
				389282671F47193800CAADD0 /* AFNetworkReachabilityManager.m in Sources */,
				389282821F47193800CAADD0 /* NSString+MJExtension.m in Sources */,
				3892828F1F47193800CAADD0 /* MJRefreshNormalHeader.m in Sources */,
				389282901F47193800CAADD0 /* MJRefreshStateHeader.m in Sources */,
				3892828E1F47193800CAADD0 /* MJRefreshGifHeader.m in Sources */,
				389282931F47193800CAADD0 /* NSBundle+MJRefresh.m in Sources */,
				3892828C1F47193800CAADD0 /* MJRefreshBackNormalFooter.m in Sources */,
				389282941F47193800CAADD0 /* UIScrollView+MJExtension.m in Sources */,
				3892826A1F47193800CAADD0 /* AFURLResponseSerialization.m in Sources */,
				389282881F47193800CAADD0 /* MJRefreshAutoGifFooter.m in Sources */,
				3892826F1F47193800CAADD0 /* MASConstraintMaker.m in Sources */,
				3892827A1F47193800CAADD0 /* MJFoundation.m in Sources */,
				389282861F47193800CAADD0 /* MJRefreshFooter.m in Sources */,
				389282761F47193800CAADD0 /* ViewController+MASAdditions.m in Sources */,
				389282791F47193800CAADD0 /* MJExtensionConst.m in Sources */,
				3892827F1F47193800CAADD0 /* NSObject+MJCoding.m in Sources */,
				3892829B1F47193800CAADD0 /* SDWebImageDecoder.m in Sources */,
				389282721F47193800CAADD0 /* MASViewConstraint.m in Sources */,
				389282951F47193800CAADD0 /* UIScrollView+MJRefresh.m in Sources */,
				389282A21F47193800CAADD0 /* UIImage+MultiFormat.m in Sources */,
				389282811F47193800CAADD0 /* NSObject+MJProperty.m in Sources */,
				38AC38851F2C82B900D47E35 /* AppDelegate.m in Sources */,
				389282C01F4722DC00CAADD0 /* NSObject+ZJUIExtension.m in Sources */,
				389282991F47193800CAADD0 /* SDImageCache.m in Sources */,
				3892828D1F47193800CAADD0 /* MJRefreshBackStateFooter.m in Sources */,
				389282B61F4719E600CAADD0 /* UIImage+ZJExtension.m in Sources */,
				389282A61F47193800CAADD0 /* UIView+WebCacheOperation.m in Sources */,
				389282711F47193800CAADD0 /* MASViewAttribute.m in Sources */,
				3892827E1F47193800CAADD0 /* NSObject+MJClass.m in Sources */,
				3892827B1F47193800CAADD0 /* MJProperty.m in Sources */,
			);
			runOnlyForDeploymentPostprocessing = 0;
		};
		38AC38491F2C7B8700D47E35 /* Sources */ = {
			isa = PBXSourcesBuildPhase;
			buildActionMask = 2147483647;
			files = (
				38AC38521F2C7B8700D47E35 /* JRTests.m in Sources */,
			);
			runOnlyForDeploymentPostprocessing = 0;
		};
		38AC38541F2C7B8700D47E35 /* Sources */ = {
			isa = PBXSourcesBuildPhase;
			buildActionMask = 2147483647;
			files = (
				38AC385D1F2C7B8700D47E35 /* JRUITests.m in Sources */,
			);
			runOnlyForDeploymentPostprocessing = 0;
		};
/* End PBXSourcesBuildPhase section */

/* Begin PBXTargetDependency section */
		38AC384F1F2C7B8700D47E35 /* PBXTargetDependency */ = {
			isa = PBXTargetDependency;
			target = 38AC38331F2C7B8700D47E35 /* JR */;
			targetProxy = 38AC384E1F2C7B8700D47E35 /* PBXContainerItemProxy */;
		};
		38AC385A1F2C7B8700D47E35 /* PBXTargetDependency */ = {
			isa = PBXTargetDependency;
			target = 38AC38331F2C7B8700D47E35 /* JR */;
			targetProxy = 38AC38591F2C7B8700D47E35 /* PBXContainerItemProxy */;
		};
/* End PBXTargetDependency section */

/* Begin XCBuildConfiguration section */
		38AC385F1F2C7B8700D47E35 /* Debug */ = {
			isa = XCBuildConfiguration;
			buildSettings = {
				ALWAYS_SEARCH_USER_PATHS = NO;
				CLANG_ANALYZER_NONNULL = YES;
				CLANG_CXX_LANGUAGE_STANDARD = "gnu++0x";
				CLANG_CXX_LIBRARY = "libc++";
				CLANG_ENABLE_MODULES = YES;
				CLANG_ENABLE_OBJC_ARC = YES;
				CLANG_WARN_BOOL_CONVERSION = YES;
				CLANG_WARN_CONSTANT_CONVERSION = YES;
				CLANG_WARN_DIRECT_OBJC_ISA_USAGE = YES_ERROR;
				CLANG_WARN_DOCUMENTATION_COMMENTS = YES;
				CLANG_WARN_EMPTY_BODY = YES;
				CLANG_WARN_ENUM_CONVERSION = YES;
				CLANG_WARN_INFINITE_RECURSION = YES;
				CLANG_WARN_INT_CONVERSION = YES;
				CLANG_WARN_OBJC_ROOT_CLASS = YES_ERROR;
				CLANG_WARN_SUSPICIOUS_MOVES = YES;
				CLANG_WARN_UNREACHABLE_CODE = YES;
				CLANG_WARN__DUPLICATE_METHOD_MATCH = YES;
				"CODE_SIGN_IDENTITY[sdk=iphoneos*]" = "iPhone Developer";
				COPY_PHASE_STRIP = NO;
				DEBUG_INFORMATION_FORMAT = dwarf;
				ENABLE_STRICT_OBJC_MSGSEND = YES;
				ENABLE_TESTABILITY = YES;
				GCC_C_LANGUAGE_STANDARD = gnu99;
				GCC_DYNAMIC_NO_PIC = NO;
				GCC_NO_COMMON_BLOCKS = YES;
				GCC_OPTIMIZATION_LEVEL = 0;
				GCC_PREPROCESSOR_DEFINITIONS = (
					"DEBUG=1",
					"$(inherited)",
				);
				GCC_WARN_64_TO_32_BIT_CONVERSION = YES;
				GCC_WARN_ABOUT_RETURN_TYPE = YES_ERROR;
				GCC_WARN_UNDECLARED_SELECTOR = YES;
				GCC_WARN_UNINITIALIZED_AUTOS = YES_AGGRESSIVE;
				GCC_WARN_UNUSED_FUNCTION = YES;
				GCC_WARN_UNUSED_VARIABLE = YES;
				IPHONEOS_DEPLOYMENT_TARGET = 10.1;
				MTL_ENABLE_DEBUG_INFO = YES;
				ONLY_ACTIVE_ARCH = YES;
				SDKROOT = iphoneos;
			};
			name = Debug;
		};
		38AC38601F2C7B8700D47E35 /* Release */ = {
			isa = XCBuildConfiguration;
			buildSettings = {
				ALWAYS_SEARCH_USER_PATHS = NO;
				CLANG_ANALYZER_NONNULL = YES;
				CLANG_CXX_LANGUAGE_STANDARD = "gnu++0x";
				CLANG_CXX_LIBRARY = "libc++";
				CLANG_ENABLE_MODULES = YES;
				CLANG_ENABLE_OBJC_ARC = YES;
				CLANG_WARN_BOOL_CONVERSION = YES;
				CLANG_WARN_CONSTANT_CONVERSION = YES;
				CLANG_WARN_DIRECT_OBJC_ISA_USAGE = YES_ERROR;
				CLANG_WARN_DOCUMENTATION_COMMENTS = YES;
				CLANG_WARN_EMPTY_BODY = YES;
				CLANG_WARN_ENUM_CONVERSION = YES;
				CLANG_WARN_INFINITE_RECURSION = YES;
				CLANG_WARN_INT_CONVERSION = YES;
				CLANG_WARN_OBJC_ROOT_CLASS = YES_ERROR;
				CLANG_WARN_SUSPICIOUS_MOVES = YES;
				CLANG_WARN_UNREACHABLE_CODE = YES;
				CLANG_WARN__DUPLICATE_METHOD_MATCH = YES;
				"CODE_SIGN_IDENTITY[sdk=iphoneos*]" = "iPhone Developer";
				COPY_PHASE_STRIP = NO;
				DEBUG_INFORMATION_FORMAT = "dwarf-with-dsym";
				ENABLE_NS_ASSERTIONS = NO;
				ENABLE_STRICT_OBJC_MSGSEND = YES;
				GCC_C_LANGUAGE_STANDARD = gnu99;
				GCC_NO_COMMON_BLOCKS = YES;
				GCC_WARN_64_TO_32_BIT_CONVERSION = YES;
				GCC_WARN_ABOUT_RETURN_TYPE = YES_ERROR;
				GCC_WARN_UNDECLARED_SELECTOR = YES;
				GCC_WARN_UNINITIALIZED_AUTOS = YES_AGGRESSIVE;
				GCC_WARN_UNUSED_FUNCTION = YES;
				GCC_WARN_UNUSED_VARIABLE = YES;
				IPHONEOS_DEPLOYMENT_TARGET = 10.1;
				MTL_ENABLE_DEBUG_INFO = NO;
				SDKROOT = iphoneos;
				VALIDATE_PRODUCT = YES;
			};
			name = Release;
		};
		38AC38621F2C7B8700D47E35 /* Debug */ = {
			isa = XCBuildConfiguration;
			buildSettings = {
				ASSETCATALOG_COMPILER_APPICON_NAME = AppIcon;
				DEVELOPMENT_TEAM = ADESGAWMRV;
				GCC_PREFIX_HEADER = "$(SRCROOT)/JR/Classes/Common(全局)/Prefix(预编译)/JRHeaderFile.h";
				INFOPLIST_FILE = "JR/Classes/Common(全局)/Entrance(入口)/Info.plist";
				LD_RUNPATH_SEARCH_PATHS = "$(inherited) @executable_path/Frameworks";
				PRODUCT_BUNDLE_IDENTIFIER = Zj.JR;
				PRODUCT_NAME = "$(TARGET_NAME)";
			};
			name = Debug;
		};
		38AC38631F2C7B8700D47E35 /* Release */ = {
			isa = XCBuildConfiguration;
			buildSettings = {
				ASSETCATALOG_COMPILER_APPICON_NAME = AppIcon;
				DEVELOPMENT_TEAM = ADESGAWMRV;
				GCC_PREFIX_HEADER = "$(SRCROOT)/JR/Classes/Common(全局)/Prefix(预编译)/JRHeaderFile.h";
				INFOPLIST_FILE = "JR/Classes/Common(全局)/Entrance(入口)/Info.plist";
				LD_RUNPATH_SEARCH_PATHS = "$(inherited) @executable_path/Frameworks";
				PRODUCT_BUNDLE_IDENTIFIER = Zj.JR;
				PRODUCT_NAME = "$(TARGET_NAME)";
			};
			name = Release;
		};
		38AC38651F2C7B8700D47E35 /* Debug */ = {
			isa = XCBuildConfiguration;
			buildSettings = {
				BUNDLE_LOADER = "$(TEST_HOST)";
				DEVELOPMENT_TEAM = ADESGAWMRV;
				INFOPLIST_FILE = JRTests/Info.plist;
				LD_RUNPATH_SEARCH_PATHS = "$(inherited) @executable_path/Frameworks @loader_path/Frameworks";
				PRODUCT_BUNDLE_IDENTIFIER = Zj.JRTests;
				PRODUCT_NAME = "$(TARGET_NAME)";
				TEST_HOST = "$(BUILT_PRODUCTS_DIR)/JR.app/JR";
			};
			name = Debug;
		};
		38AC38661F2C7B8700D47E35 /* Release */ = {
			isa = XCBuildConfiguration;
			buildSettings = {
				BUNDLE_LOADER = "$(TEST_HOST)";
				DEVELOPMENT_TEAM = ADESGAWMRV;
				INFOPLIST_FILE = JRTests/Info.plist;
				LD_RUNPATH_SEARCH_PATHS = "$(inherited) @executable_path/Frameworks @loader_path/Frameworks";
				PRODUCT_BUNDLE_IDENTIFIER = Zj.JRTests;
				PRODUCT_NAME = "$(TARGET_NAME)";
				TEST_HOST = "$(BUILT_PRODUCTS_DIR)/JR.app/JR";
			};
			name = Release;
		};
		38AC38681F2C7B8700D47E35 /* Debug */ = {
			isa = XCBuildConfiguration;
			buildSettings = {
				DEVELOPMENT_TEAM = ADESGAWMRV;
				INFOPLIST_FILE = JRUITests/Info.plist;
				LD_RUNPATH_SEARCH_PATHS = "$(inherited) @executable_path/Frameworks @loader_path/Frameworks";
				PRODUCT_BUNDLE_IDENTIFIER = Zj.JRUITests;
				PRODUCT_NAME = "$(TARGET_NAME)";
				TEST_TARGET_NAME = JR;
			};
			name = Debug;
		};
		38AC38691F2C7B8700D47E35 /* Release */ = {
			isa = XCBuildConfiguration;
			buildSettings = {
				DEVELOPMENT_TEAM = ADESGAWMRV;
				INFOPLIST_FILE = JRUITests/Info.plist;
				LD_RUNPATH_SEARCH_PATHS = "$(inherited) @executable_path/Frameworks @loader_path/Frameworks";
				PRODUCT_BUNDLE_IDENTIFIER = Zj.JRUITests;
				PRODUCT_NAME = "$(TARGET_NAME)";
				TEST_TARGET_NAME = JR;
			};
			name = Release;
		};
/* End XCBuildConfiguration section */

/* Begin XCConfigurationList section */
		38AC382F1F2C7B8700D47E35 /* Build configuration list for PBXProject "JR" */ = {
			isa = XCConfigurationList;
			buildConfigurations = (
				38AC385F1F2C7B8700D47E35 /* Debug */,
				38AC38601F2C7B8700D47E35 /* Release */,
			);
			defaultConfigurationIsVisible = 0;
			defaultConfigurationName = Release;
		};
		38AC38611F2C7B8700D47E35 /* Build configuration list for PBXNativeTarget "JR" */ = {
			isa = XCConfigurationList;
			buildConfigurations = (
				38AC38621F2C7B8700D47E35 /* Debug */,
				38AC38631F2C7B8700D47E35 /* Release */,
			);
			defaultConfigurationIsVisible = 0;
			defaultConfigurationName = Release;
		};
		38AC38641F2C7B8700D47E35 /* Build configuration list for PBXNativeTarget "JRTests" */ = {
			isa = XCConfigurationList;
			buildConfigurations = (
				38AC38651F2C7B8700D47E35 /* Debug */,
				38AC38661F2C7B8700D47E35 /* Release */,
			);
			defaultConfigurationIsVisible = 0;
			defaultConfigurationName = Release;
		};
		38AC38671F2C7B8700D47E35 /* Build configuration list for PBXNativeTarget "JRUITests" */ = {
			isa = XCConfigurationList;
			buildConfigurations = (
				38AC38681F2C7B8700D47E35 /* Debug */,
				38AC38691F2C7B8700D47E35 /* Release */,
			);
			defaultConfigurationIsVisible = 0;
			defaultConfigurationName = Release;
		};
/* End XCConfigurationList section */
	};
	rootObject = 38AC382C1F2C7B8700D47E35 /* Project object */;
}
